// !$*UTF8*$!
{
	archiveVersion = 1;
	classes = {
	};
	objectVersion = 46;
	objects = {

/* Begin PBXBuildFile section */
		5A10177A180FDE8D00D1122E /* up.png in Resources */ = {isa = PBXBuildFile; fileRef = 5A101779180FDE8D00D1122E /* up.png */; };
		5A372B8717B5D372009F3DDD /* CoreLocation.framework in Frameworks */ = {isa = PBXBuildFile; fileRef = 5A372B8617B5D372009F3DDD /* CoreLocation.framework */; };
		5A6A46D317470E020021DB7A /* KCMavlinkParamRequestList.m in Sources */ = {isa = PBXBuildFile; fileRef = 5A6A46D217470E020021DB7A /* KCMavlinkParamRequestList.m */; };
		5A6A46D6174711810021DB7A /* KCMavlinkParamRequestRead.m in Sources */ = {isa = PBXBuildFile; fileRef = 5A6A46D5174711810021DB7A /* KCMavlinkParamRequestRead.m */; };
		5A6A46D91747176D0021DB7A /* KCMavlinkParamValue.m in Sources */ = {isa = PBXBuildFile; fileRef = 5A6A46D81747176D0021DB7A /* KCMavlinkParamValue.m */; };
		5A6A46DC17471CFB0021DB7A /* KCMavlinkParamSet.m in Sources */ = {isa = PBXBuildFile; fileRef = 5A6A46DB17471CFB0021DB7A /* KCMavlinkParamSet.m */; };
		5A6A46DF17472BBC0021DB7A /* KCMavlinkCommandACK.m in Sources */ = {isa = PBXBuildFile; fileRef = 5A6A46DE17472BBC0021DB7A /* KCMavlinkCommandACK.m */; };
		5A6A46E217472DD40021DB7A /* KCMavlinkMissionCount.m in Sources */ = {isa = PBXBuildFile; fileRef = 5A6A46E117472DD30021DB7A /* KCMavlinkMissionCount.m */; };
		5A6A46E5174730440021DB7A /* KCMavlinkMissionRequest.m in Sources */ = {isa = PBXBuildFile; fileRef = 5A6A46E4174730430021DB7A /* KCMavlinkMissionRequest.m */; };
		5A6A46E8174747A00021DB7A /* KCMavlinkMissionItem.m in Sources */ = {isa = PBXBuildFile; fileRef = 5A6A46E7174747A00021DB7A /* KCMavlinkMissionItem.m */; };
		5A6A46EB17474ECC0021DB7A /* KCMavlinkMissionACK.m in Sources */ = {isa = PBXBuildFile; fileRef = 5A6A46EA17474ECC0021DB7A /* KCMavlinkMissionACK.m */; };
		5A6A46EE174751470021DB7A /* KCMavlinkMissionRequestList.m in Sources */ = {isa = PBXBuildFile; fileRef = 5A6A46ED174751460021DB7A /* KCMavlinkMissionRequestList.m */; };
		5A6A46F1174752E50021DB7A /* KCMavlinkMissionClearAll.m in Sources */ = {isa = PBXBuildFile; fileRef = 5A6A46F0174752E50021DB7A /* KCMavlinkMissionClearAll.m */; };
		5A6A46F4174754DE0021DB7A /* KCMavlinkGlobalPositionInt.m in Sources */ = {isa = PBXBuildFile; fileRef = 5A6A46F3174754DD0021DB7A /* KCMavlinkGlobalPositionInt.m */; };
		5A6A46F7174759D10021DB7A /* KCMavlinkAttitude.m in Sources */ = {isa = PBXBuildFile; fileRef = 5A6A46F6174759D00021DB7A /* KCMavlinkAttitude.m */; };
		5A6A46FD17475D160021DB7A /* KCMavlinkRawIMU.m in Sources */ = {isa = PBXBuildFile; fileRef = 5A6A46FC17475D0B0021DB7A /* KCMavlinkRawIMU.m */; };
		5A6A4700174761E70021DB7A /* KCMavlinkCommandLong.m in Sources */ = {isa = PBXBuildFile; fileRef = 5A6A46FF174761E60021DB7A /* KCMavlinkCommandLong.m */; };
		5A737CB3180D266B002A42CC /* GoogleMaps.framework in Frameworks */ = {isa = PBXBuildFile; fileRef = 5A737CB2180D266B002A42CC /* GoogleMaps.framework */; };
		5A737CB5180D26FD002A42CC /* GoogleMaps.bundle in Resources */ = {isa = PBXBuildFile; fileRef = 5A737CB4180D26FD002A42CC /* GoogleMaps.bundle */; };
		5A737CB7180D273B002A42CC /* AVFoundation.framework in Frameworks */ = {isa = PBXBuildFile; fileRef = 5A737CB6180D273B002A42CC /* AVFoundation.framework */; };
		5A737CB9180D2757002A42CC /* CoreData.framework in Frameworks */ = {isa = PBXBuildFile; fileRef = 5A737CB8180D2757002A42CC /* CoreData.framework */; };
		5A737CBB180D2761002A42CC /* CoreText.framework in Frameworks */ = {isa = PBXBuildFile; fileRef = 5A737CBA180D2761002A42CC /* CoreText.framework */; };
		5A737CBD180D276B002A42CC /* GLKit.framework in Frameworks */ = {isa = PBXBuildFile; fileRef = 5A737CBC180D276A002A42CC /* GLKit.framework */; };
		5A737CBF180D2776002A42CC /* ImageIO.framework in Frameworks */ = {isa = PBXBuildFile; fileRef = 5A737CBE180D2775002A42CC /* ImageIO.framework */; };
		5A737CC1180D2783002A42CC /* libc++.dylib in Frameworks */ = {isa = PBXBuildFile; fileRef = 5A737CC0180D2783002A42CC /* libc++.dylib */; };
		5A737CC3180D279C002A42CC /* libicucore.dylib in Frameworks */ = {isa = PBXBuildFile; fileRef = 5A737CC2180D279C002A42CC /* libicucore.dylib */; };
		5A737CC5180D27A9002A42CC /* libz.dylib in Frameworks */ = {isa = PBXBuildFile; fileRef = 5A737CC4180D27A9002A42CC /* libz.dylib */; };
		5A737CC7180D27B3002A42CC /* OpenGLES.framework in Frameworks */ = {isa = PBXBuildFile; fileRef = 5A737CC6180D27B3002A42CC /* OpenGLES.framework */; };
		5A737CC9180D27BF002A42CC /* QuartzCore.framework in Frameworks */ = {isa = PBXBuildFile; fileRef = 5A737CC8180D27BF002A42CC /* QuartzCore.framework */; };
		5A737CCB180D27DA002A42CC /* SystemConfiguration.framework in Frameworks */ = {isa = PBXBuildFile; fileRef = 5A737CCA180D27DA002A42CC /* SystemConfiguration.framework */; };
		5A737CCE180D289C002A42CC /* KCGoogleMapViewController.m in Sources */ = {isa = PBXBuildFile; fileRef = 5A737CCD180D289C002A42CC /* KCGoogleMapViewController.m */; };
		5A8F7F29181776B1003BCDA7 /* BoatLocation.m in Sources */ = {isa = PBXBuildFile; fileRef = 5A8F7F28181776B1003BCDA7 /* BoatLocation.m */; };
		5A8F7F2C18177C7A003BCDA7 /* BoatTrack.m in Sources */ = {isa = PBXBuildFile; fileRef = 5A8F7F2B18177C7A003BCDA7 /* BoatTrack.m */; };
		5A90B634172E09B600DEED7A /* UIKit.framework in Frameworks */ = {isa = PBXBuildFile; fileRef = 5A90B633172E09B600DEED7A /* UIKit.framework */; };
		5A90B636172E09B600DEED7A /* Foundation.framework in Frameworks */ = {isa = PBXBuildFile; fileRef = 5A90B635172E09B600DEED7A /* Foundation.framework */; };
		5A90B638172E09B600DEED7A /* CoreGraphics.framework in Frameworks */ = {isa = PBXBuildFile; fileRef = 5A90B637172E09B600DEED7A /* CoreGraphics.framework */; };
		5A90B63E172E09B600DEED7A /* InfoPlist.strings in Resources */ = {isa = PBXBuildFile; fileRef = 5A90B63C172E09B600DEED7A /* InfoPlist.strings */; };
		5A90B640172E09B600DEED7A /* main.m in Sources */ = {isa = PBXBuildFile; fileRef = 5A90B63F172E09B600DEED7A /* main.m */; };
		5A90B644172E09B600DEED7A /* KCAppDelegate.m in Sources */ = {isa = PBXBuildFile; fileRef = 5A90B643172E09B600DEED7A /* KCAppDelegate.m */; };
		5A90B646172E09B600DEED7A /* Default.png in Resources */ = {isa = PBXBuildFile; fileRef = 5A90B645172E09B600DEED7A /* Default.png */; };
		5A90B648172E09B600DEED7A /* Default@2x.png in Resources */ = {isa = PBXBuildFile; fileRef = 5A90B647172E09B600DEED7A /* Default@2x.png */; };
		5A90B64A172E09B600DEED7A /* Default-568h@2x.png in Resources */ = {isa = PBXBuildFile; fileRef = 5A90B649172E09B600DEED7A /* Default-568h@2x.png */; };
		5A90B64D172E09B600DEED7A /* MainStoryboard.storyboard in Resources */ = {isa = PBXBuildFile; fileRef = 5A90B64B172E09B600DEED7A /* MainStoryboard.storyboard */; };
		5A90B650172E09B600DEED7A /* KCViewController.m in Sources */ = {isa = PBXBuildFile; fileRef = 5A90B64F172E09B600DEED7A /* KCViewController.m */; };
		5A90B6FE172E1F2100DEED7A /* GCDAsyncUdpSocket.m in Sources */ = {isa = PBXBuildFile; fileRef = 5A90B6FD172E1F2100DEED7A /* GCDAsyncUdpSocket.m */; };
		5A90B700172E202C00DEED7A /* CFNetwork.framework in Frameworks */ = {isa = PBXBuildFile; fileRef = 5A90B6FF172E202C00DEED7A /* CFNetwork.framework */; };
		5A96931A1745CBFE00F382C3 /* KCMavlinkHeartBeat.m in Sources */ = {isa = PBXBuildFile; fileRef = 5A9693191745CBFE00F382C3 /* KCMavlinkHeartBeat.m */; };
		5A96931F1746130900F382C3 /* KCMavlinkSysStatus.m in Sources */ = {isa = PBXBuildFile; fileRef = 5A96931E1746130900F382C3 /* KCMavlinkSysStatus.m */; };
		5A96932317462F4A00F382C3 /* KCMavlinkSystemTime.m in Sources */ = {isa = PBXBuildFile; fileRef = 5A96932217462F4A00F382C3 /* KCMavlinkSystemTime.m */; };
		5A9693261746353D00F382C3 /* KCMavlinkSetMode.m in Sources */ = {isa = PBXBuildFile; fileRef = 5A9693251746353D00F382C3 /* KCMavlinkSetMode.m */; };
		5AAE5F89178FDAB0002C6C0D /* KCMavlinkMessage.m in Sources */ = {isa = PBXBuildFile; fileRef = 5AAE5F88178FDAB0002C6C0D /* KCMavlinkMessage.m */; };
		5AD9E82218091B8600AE754C /* MapKit.framework in Frameworks */ = {isa = PBXBuildFile; fileRef = 5AD9E82118091B8500AE754C /* MapKit.framework */; };
		5ADC03E0173798E6004A9ACC /* KCMavlinkIO.m in Sources */ = {isa = PBXBuildFile; fileRef = 5ADC03DF173798E6004A9ACC /* KCMavlinkIO.m */; };
		5ADC03E31737A623004A9ACC /* KCSokcet.m in Sources */ = {isa = PBXBuildFile; fileRef = 5ADC03E21737A622004A9ACC /* KCSokcet.m */; };
/* End PBXBuildFile section */

/* Begin PBXFileReference section */
		5A101779180FDE8D00D1122E /* up.png */ = {isa = PBXFileReference; lastKnownFileType = image.png; path = up.png; sourceTree = "<group>"; };
		5A372B8617B5D372009F3DDD /* CoreLocation.framework */ = {isa = PBXFileReference; lastKnownFileType = wrapper.framework; name = CoreLocation.framework; path = System/Library/Frameworks/CoreLocation.framework; sourceTree = SDKROOT; };
		5A6A46D117470E020021DB7A /* KCMavlinkParamRequestList.h */ = {isa = PBXFileReference; fileEncoding = 4; lastKnownFileType = sourcecode.c.h; path = KCMavlinkParamRequestList.h; sourceTree = "<group>"; };
		5A6A46D217470E020021DB7A /* KCMavlinkParamRequestList.m */ = {isa = PBXFileReference; fileEncoding = 4; lastKnownFileType = sourcecode.c.objc; path = KCMavlinkParamRequestList.m; sourceTree = "<group>"; };
		5A6A46D4174711810021DB7A /* KCMavlinkParamRequestRead.h */ = {isa = PBXFileReference; fileEncoding = 4; lastKnownFileType = sourcecode.c.h; path = KCMavlinkParamRequestRead.h; sourceTree = "<group>"; };
		5A6A46D5174711810021DB7A /* KCMavlinkParamRequestRead.m */ = {isa = PBXFileReference; fileEncoding = 4; lastKnownFileType = sourcecode.c.objc; path = KCMavlinkParamRequestRead.m; sourceTree = "<group>"; };
		5A6A46D71747176C0021DB7A /* KCMavlinkParamValue.h */ = {isa = PBXFileReference; fileEncoding = 4; lastKnownFileType = sourcecode.c.h; path = KCMavlinkParamValue.h; sourceTree = "<group>"; };
		5A6A46D81747176D0021DB7A /* KCMavlinkParamValue.m */ = {isa = PBXFileReference; fileEncoding = 4; lastKnownFileType = sourcecode.c.objc; path = KCMavlinkParamValue.m; sourceTree = "<group>"; };
		5A6A46DA17471CFB0021DB7A /* KCMavlinkParamSet.h */ = {isa = PBXFileReference; fileEncoding = 4; lastKnownFileType = sourcecode.c.h; path = KCMavlinkParamSet.h; sourceTree = "<group>"; };
		5A6A46DB17471CFB0021DB7A /* KCMavlinkParamSet.m */ = {isa = PBXFileReference; fileEncoding = 4; lastKnownFileType = sourcecode.c.objc; path = KCMavlinkParamSet.m; sourceTree = "<group>"; };
		5A6A46DD17472BBC0021DB7A /* KCMavlinkCommandACK.h */ = {isa = PBXFileReference; fileEncoding = 4; lastKnownFileType = sourcecode.c.h; path = KCMavlinkCommandACK.h; sourceTree = "<group>"; };
		5A6A46DE17472BBC0021DB7A /* KCMavlinkCommandACK.m */ = {isa = PBXFileReference; fileEncoding = 4; lastKnownFileType = sourcecode.c.objc; path = KCMavlinkCommandACK.m; sourceTree = "<group>"; };
		5A6A46E017472DD30021DB7A /* KCMavlinkMissionCount.h */ = {isa = PBXFileReference; fileEncoding = 4; lastKnownFileType = sourcecode.c.h; path = KCMavlinkMissionCount.h; sourceTree = "<group>"; };
		5A6A46E117472DD30021DB7A /* KCMavlinkMissionCount.m */ = {isa = PBXFileReference; fileEncoding = 4; lastKnownFileType = sourcecode.c.objc; path = KCMavlinkMissionCount.m; sourceTree = "<group>"; };
		5A6A46E3174730430021DB7A /* KCMavlinkMissionRequest.h */ = {isa = PBXFileReference; fileEncoding = 4; lastKnownFileType = sourcecode.c.h; path = KCMavlinkMissionRequest.h; sourceTree = "<group>"; };
		5A6A46E4174730430021DB7A /* KCMavlinkMissionRequest.m */ = {isa = PBXFileReference; fileEncoding = 4; lastKnownFileType = sourcecode.c.objc; path = KCMavlinkMissionRequest.m; sourceTree = "<group>"; };
		5A6A46E61747479F0021DB7A /* KCMavlinkMissionItem.h */ = {isa = PBXFileReference; fileEncoding = 4; lastKnownFileType = sourcecode.c.h; path = KCMavlinkMissionItem.h; sourceTree = "<group>"; };
		5A6A46E7174747A00021DB7A /* KCMavlinkMissionItem.m */ = {isa = PBXFileReference; fileEncoding = 4; lastKnownFileType = sourcecode.c.objc; path = KCMavlinkMissionItem.m; sourceTree = "<group>"; };
		5A6A46E917474ECB0021DB7A /* KCMavlinkMissionACK.h */ = {isa = PBXFileReference; fileEncoding = 4; lastKnownFileType = sourcecode.c.h; path = KCMavlinkMissionACK.h; sourceTree = "<group>"; };
		5A6A46EA17474ECC0021DB7A /* KCMavlinkMissionACK.m */ = {isa = PBXFileReference; fileEncoding = 4; lastKnownFileType = sourcecode.c.objc; path = KCMavlinkMissionACK.m; sourceTree = "<group>"; };
		5A6A46EC174751460021DB7A /* KCMavlinkMissionRequestList.h */ = {isa = PBXFileReference; fileEncoding = 4; lastKnownFileType = sourcecode.c.h; path = KCMavlinkMissionRequestList.h; sourceTree = "<group>"; };
		5A6A46ED174751460021DB7A /* KCMavlinkMissionRequestList.m */ = {isa = PBXFileReference; fileEncoding = 4; lastKnownFileType = sourcecode.c.objc; path = KCMavlinkMissionRequestList.m; sourceTree = "<group>"; };
		5A6A46EF174752E40021DB7A /* KCMavlinkMissionClearAll.h */ = {isa = PBXFileReference; fileEncoding = 4; lastKnownFileType = sourcecode.c.h; path = KCMavlinkMissionClearAll.h; sourceTree = "<group>"; };
		5A6A46F0174752E50021DB7A /* KCMavlinkMissionClearAll.m */ = {isa = PBXFileReference; fileEncoding = 4; lastKnownFileType = sourcecode.c.objc; path = KCMavlinkMissionClearAll.m; sourceTree = "<group>"; };
		5A6A46F2174754DC0021DB7A /* KCMavlinkGlobalPositionInt.h */ = {isa = PBXFileReference; fileEncoding = 4; lastKnownFileType = sourcecode.c.h; path = KCMavlinkGlobalPositionInt.h; sourceTree = "<group>"; };
		5A6A46F3174754DD0021DB7A /* KCMavlinkGlobalPositionInt.m */ = {isa = PBXFileReference; fileEncoding = 4; lastKnownFileType = sourcecode.c.objc; path = KCMavlinkGlobalPositionInt.m; sourceTree = "<group>"; };
		5A6A46F5174759CE0021DB7A /* KCMavlinkAttitude.h */ = {isa = PBXFileReference; fileEncoding = 4; lastKnownFileType = sourcecode.c.h; path = KCMavlinkAttitude.h; sourceTree = "<group>"; };
		5A6A46F6174759D00021DB7A /* KCMavlinkAttitude.m */ = {isa = PBXFileReference; fileEncoding = 4; lastKnownFileType = sourcecode.c.objc; path = KCMavlinkAttitude.m; sourceTree = "<group>"; };
		5A6A46FB17475D070021DB7A /* KCMavlinkRawIMU.h */ = {isa = PBXFileReference; fileEncoding = 4; lastKnownFileType = sourcecode.c.h; path = KCMavlinkRawIMU.h; sourceTree = "<group>"; };
		5A6A46FC17475D0B0021DB7A /* KCMavlinkRawIMU.m */ = {isa = PBXFileReference; fileEncoding = 4; lastKnownFileType = sourcecode.c.objc; path = KCMavlinkRawIMU.m; sourceTree = "<group>"; };
		5A6A46FE174761E40021DB7A /* KCMavlinkCommandLong.h */ = {isa = PBXFileReference; fileEncoding = 4; lastKnownFileType = sourcecode.c.h; path = KCMavlinkCommandLong.h; sourceTree = "<group>"; };
		5A6A46FF174761E60021DB7A /* KCMavlinkCommandLong.m */ = {isa = PBXFileReference; fileEncoding = 4; lastKnownFileType = sourcecode.c.objc; path = KCMavlinkCommandLong.m; sourceTree = "<group>"; };
		5A737CB1180CDE55002A42CC /* KCLocationDelegate.h */ = {isa = PBXFileReference; fileEncoding = 4; lastKnownFileType = sourcecode.c.h; path = KCLocationDelegate.h; sourceTree = "<group>"; };
		5A737CB2180D266B002A42CC /* GoogleMaps.framework */ = {isa = PBXFileReference; lastKnownFileType = wrapper.framework; path = GoogleMaps.framework; sourceTree = "<group>"; };
		5A737CB4180D26FD002A42CC /* GoogleMaps.bundle */ = {isa = PBXFileReference; lastKnownFileType = "wrapper.plug-in"; name = GoogleMaps.bundle; path = "../../Desktop/GoogleMaps-iOS-1.5.0/GoogleMaps.framework/Versions/A/Resources/GoogleMaps.bundle"; sourceTree = "<group>"; };
		5A737CB6180D273B002A42CC /* AVFoundation.framework */ = {isa = PBXFileReference; lastKnownFileType = wrapper.framework; name = AVFoundation.framework; path = System/Library/Frameworks/AVFoundation.framework; sourceTree = SDKROOT; };
		5A737CB8180D2757002A42CC /* CoreData.framework */ = {isa = PBXFileReference; lastKnownFileType = wrapper.framework; name = CoreData.framework; path = System/Library/Frameworks/CoreData.framework; sourceTree = SDKROOT; };
		5A737CBA180D2761002A42CC /* CoreText.framework */ = {isa = PBXFileReference; lastKnownFileType = wrapper.framework; name = CoreText.framework; path = System/Library/Frameworks/CoreText.framework; sourceTree = SDKROOT; };
		5A737CBC180D276A002A42CC /* GLKit.framework */ = {isa = PBXFileReference; lastKnownFileType = wrapper.framework; name = GLKit.framework; path = System/Library/Frameworks/GLKit.framework; sourceTree = SDKROOT; };
		5A737CBE180D2775002A42CC /* ImageIO.framework */ = {isa = PBXFileReference; lastKnownFileType = wrapper.framework; name = ImageIO.framework; path = System/Library/Frameworks/ImageIO.framework; sourceTree = SDKROOT; };
		5A737CC0180D2783002A42CC /* libc++.dylib */ = {isa = PBXFileReference; lastKnownFileType = "compiled.mach-o.dylib"; name = "libc++.dylib"; path = "usr/lib/libc++.dylib"; sourceTree = SDKROOT; };
		5A737CC2180D279C002A42CC /* libicucore.dylib */ = {isa = PBXFileReference; lastKnownFileType = "compiled.mach-o.dylib"; name = libicucore.dylib; path = usr/lib/libicucore.dylib; sourceTree = SDKROOT; };
		5A737CC4180D27A9002A42CC /* libz.dylib */ = {isa = PBXFileReference; lastKnownFileType = "compiled.mach-o.dylib"; name = libz.dylib; path = usr/lib/libz.dylib; sourceTree = SDKROOT; };
		5A737CC6180D27B3002A42CC /* OpenGLES.framework */ = {isa = PBXFileReference; lastKnownFileType = wrapper.framework; name = OpenGLES.framework; path = System/Library/Frameworks/OpenGLES.framework; sourceTree = SDKROOT; };
		5A737CC8180D27BF002A42CC /* QuartzCore.framework */ = {isa = PBXFileReference; lastKnownFileType = wrapper.framework; name = QuartzCore.framework; path = System/Library/Frameworks/QuartzCore.framework; sourceTree = SDKROOT; };
		5A737CCA180D27DA002A42CC /* SystemConfiguration.framework */ = {isa = PBXFileReference; lastKnownFileType = wrapper.framework; name = SystemConfiguration.framework; path = System/Library/Frameworks/SystemConfiguration.framework; sourceTree = SDKROOT; };
		5A737CCC180D289C002A42CC /* KCGoogleMapViewController.h */ = {isa = PBXFileReference; fileEncoding = 4; lastKnownFileType = sourcecode.c.h; name = KCGoogleMapViewController.h; path = ../KCGoogleMapViewController.h; sourceTree = "<group>"; };
		5A737CCD180D289C002A42CC /* KCGoogleMapViewController.m */ = {isa = PBXFileReference; fileEncoding = 4; lastKnownFileType = sourcecode.c.objc; name = KCGoogleMapViewController.m; path = ../KCGoogleMapViewController.m; sourceTree = "<group>"; };
		5A8F7F27181776B1003BCDA7 /* BoatLocation.h */ = {isa = PBXFileReference; fileEncoding = 4; lastKnownFileType = sourcecode.c.h; path = BoatLocation.h; sourceTree = "<group>"; };
		5A8F7F28181776B1003BCDA7 /* BoatLocation.m */ = {isa = PBXFileReference; fileEncoding = 4; lastKnownFileType = sourcecode.c.objc; path = BoatLocation.m; sourceTree = "<group>"; };
		5A8F7F2A18177C7A003BCDA7 /* BoatTrack.h */ = {isa = PBXFileReference; fileEncoding = 4; lastKnownFileType = sourcecode.c.h; path = BoatTrack.h; sourceTree = "<group>"; };
		5A8F7F2B18177C7A003BCDA7 /* BoatTrack.m */ = {isa = PBXFileReference; fileEncoding = 4; lastKnownFileType = sourcecode.c.objc; path = BoatTrack.m; sourceTree = "<group>"; };
		5A90B630172E09B600DEED7A /* MavlinkTest.app */ = {isa = PBXFileReference; explicitFileType = wrapper.application; includeInIndex = 0; path = MavlinkTest.app; sourceTree = BUILT_PRODUCTS_DIR; };
		5A90B633172E09B600DEED7A /* UIKit.framework */ = {isa = PBXFileReference; lastKnownFileType = wrapper.framework; name = UIKit.framework; path = System/Library/Frameworks/UIKit.framework; sourceTree = SDKROOT; };
		5A90B635172E09B600DEED7A /* Foundation.framework */ = {isa = PBXFileReference; lastKnownFileType = wrapper.framework; name = Foundation.framework; path = System/Library/Frameworks/Foundation.framework; sourceTree = SDKROOT; };
		5A90B637172E09B600DEED7A /* CoreGraphics.framework */ = {isa = PBXFileReference; lastKnownFileType = wrapper.framework; name = CoreGraphics.framework; path = System/Library/Frameworks/CoreGraphics.framework; sourceTree = SDKROOT; };
		5A90B63B172E09B600DEED7A /* MavlinkTest-Info.plist */ = {isa = PBXFileReference; lastKnownFileType = text.plist.xml; path = "MavlinkTest-Info.plist"; sourceTree = "<group>"; };
		5A90B63D172E09B600DEED7A /* en */ = {isa = PBXFileReference; lastKnownFileType = text.plist.strings; name = en; path = en.lproj/InfoPlist.strings; sourceTree = "<group>"; };
		5A90B63F172E09B600DEED7A /* main.m */ = {isa = PBXFileReference; lastKnownFileType = sourcecode.c.objc; path = main.m; sourceTree = "<group>"; };
		5A90B641172E09B600DEED7A /* MavlinkTest-Prefix.pch */ = {isa = PBXFileReference; lastKnownFileType = sourcecode.c.h; path = "MavlinkTest-Prefix.pch"; sourceTree = "<group>"; };
		5A90B642172E09B600DEED7A /* KCAppDelegate.h */ = {isa = PBXFileReference; lastKnownFileType = sourcecode.c.h; path = KCAppDelegate.h; sourceTree = "<group>"; };
		5A90B643172E09B600DEED7A /* KCAppDelegate.m */ = {isa = PBXFileReference; lastKnownFileType = sourcecode.c.objc; path = KCAppDelegate.m; sourceTree = "<group>"; };
		5A90B645172E09B600DEED7A /* Default.png */ = {isa = PBXFileReference; lastKnownFileType = image.png; path = Default.png; sourceTree = "<group>"; };
		5A90B647172E09B600DEED7A /* Default@2x.png */ = {isa = PBXFileReference; lastKnownFileType = image.png; path = "Default@2x.png"; sourceTree = "<group>"; };
		5A90B649172E09B600DEED7A /* Default-568h@2x.png */ = {isa = PBXFileReference; lastKnownFileType = image.png; path = "Default-568h@2x.png"; sourceTree = "<group>"; };
		5A90B64C172E09B600DEED7A /* en */ = {isa = PBXFileReference; lastKnownFileType = file.storyboard; name = en; path = en.lproj/MainStoryboard.storyboard; sourceTree = "<group>"; };
		5A90B64E172E09B600DEED7A /* KCViewController.h */ = {isa = PBXFileReference; lastKnownFileType = sourcecode.c.h; path = KCViewController.h; sourceTree = "<group>"; };
		5A90B64F172E09B600DEED7A /* KCViewController.m */ = {isa = PBXFileReference; lastKnownFileType = sourcecode.c.objc; path = KCViewController.m; sourceTree = "<group>"; };
		5A90B659172E0A5500DEED7A /* ardupilotmega.h */ = {isa = PBXFileReference; fileEncoding = 4; lastKnownFileType = sourcecode.c.h; path = ardupilotmega.h; sourceTree = "<group>"; };
		5A90B65A172E0A5500DEED7A /* mavlink.h */ = {isa = PBXFileReference; fileEncoding = 4; lastKnownFileType = sourcecode.c.h; path = mavlink.h; sourceTree = "<group>"; };
		5A90B65B172E0A5500DEED7A /* mavlink_msg_ahrs.h */ = {isa = PBXFileReference; fileEncoding = 4; lastKnownFileType = sourcecode.c.h; path = mavlink_msg_ahrs.h; sourceTree = "<group>"; };
		5A90B65C172E0A5500DEED7A /* mavlink_msg_ap_adc.h */ = {isa = PBXFileReference; fileEncoding = 4; lastKnownFileType = sourcecode.c.h; path = mavlink_msg_ap_adc.h; sourceTree = "<group>"; };
		5A90B65D172E0A5500DEED7A /* mavlink_msg_digicam_configure.h */ = {isa = PBXFileReference; fileEncoding = 4; lastKnownFileType = sourcecode.c.h; path = mavlink_msg_digicam_configure.h; sourceTree = "<group>"; };
		5A90B65E172E0A5500DEED7A /* mavlink_msg_digicam_control.h */ = {isa = PBXFileReference; fileEncoding = 4; lastKnownFileType = sourcecode.c.h; path = mavlink_msg_digicam_control.h; sourceTree = "<group>"; };
		5A90B65F172E0A5500DEED7A /* mavlink_msg_fence_fetch_point.h */ = {isa = PBXFileReference; fileEncoding = 4; lastKnownFileType = sourcecode.c.h; path = mavlink_msg_fence_fetch_point.h; sourceTree = "<group>"; };
		5A90B660172E0A5500DEED7A /* mavlink_msg_fence_point.h */ = {isa = PBXFileReference; fileEncoding = 4; lastKnownFileType = sourcecode.c.h; path = mavlink_msg_fence_point.h; sourceTree = "<group>"; };
		5A90B661172E0A5500DEED7A /* mavlink_msg_fence_status.h */ = {isa = PBXFileReference; fileEncoding = 4; lastKnownFileType = sourcecode.c.h; path = mavlink_msg_fence_status.h; sourceTree = "<group>"; };
		5A90B662172E0A5500DEED7A /* mavlink_msg_hwstatus.h */ = {isa = PBXFileReference; fileEncoding = 4; lastKnownFileType = sourcecode.c.h; path = mavlink_msg_hwstatus.h; sourceTree = "<group>"; };
		5A90B663172E0A5500DEED7A /* mavlink_msg_limits_status.h */ = {isa = PBXFileReference; fileEncoding = 4; lastKnownFileType = sourcecode.c.h; path = mavlink_msg_limits_status.h; sourceTree = "<group>"; };
		5A90B664172E0A5500DEED7A /* mavlink_msg_meminfo.h */ = {isa = PBXFileReference; fileEncoding = 4; lastKnownFileType = sourcecode.c.h; path = mavlink_msg_meminfo.h; sourceTree = "<group>"; };
		5A90B665172E0A5500DEED7A /* mavlink_msg_mount_configure.h */ = {isa = PBXFileReference; fileEncoding = 4; lastKnownFileType = sourcecode.c.h; path = mavlink_msg_mount_configure.h; sourceTree = "<group>"; };
		5A90B666172E0A5500DEED7A /* mavlink_msg_mount_control.h */ = {isa = PBXFileReference; fileEncoding = 4; lastKnownFileType = sourcecode.c.h; path = mavlink_msg_mount_control.h; sourceTree = "<group>"; };
		5A90B667172E0A5500DEED7A /* mavlink_msg_mount_status.h */ = {isa = PBXFileReference; fileEncoding = 4; lastKnownFileType = sourcecode.c.h; path = mavlink_msg_mount_status.h; sourceTree = "<group>"; };
		5A90B668172E0A5500DEED7A /* mavlink_msg_radio.h */ = {isa = PBXFileReference; fileEncoding = 4; lastKnownFileType = sourcecode.c.h; path = mavlink_msg_radio.h; sourceTree = "<group>"; };
		5A90B669172E0A5500DEED7A /* mavlink_msg_sensor_offsets.h */ = {isa = PBXFileReference; fileEncoding = 4; lastKnownFileType = sourcecode.c.h; path = mavlink_msg_sensor_offsets.h; sourceTree = "<group>"; };
		5A90B66A172E0A5500DEED7A /* mavlink_msg_set_mag_offsets.h */ = {isa = PBXFileReference; fileEncoding = 4; lastKnownFileType = sourcecode.c.h; path = mavlink_msg_set_mag_offsets.h; sourceTree = "<group>"; };
		5A90B66B172E0A5500DEED7A /* mavlink_msg_simstate.h */ = {isa = PBXFileReference; fileEncoding = 4; lastKnownFileType = sourcecode.c.h; path = mavlink_msg_simstate.h; sourceTree = "<group>"; };
		5A90B66C172E0A5500DEED7A /* mavlink_msg_wind.h */ = {isa = PBXFileReference; fileEncoding = 4; lastKnownFileType = sourcecode.c.h; path = mavlink_msg_wind.h; sourceTree = "<group>"; };
		5A90B66D172E0A5500DEED7A /* testsuite.h */ = {isa = PBXFileReference; fileEncoding = 4; lastKnownFileType = sourcecode.c.h; path = testsuite.h; sourceTree = "<group>"; };
		5A90B66E172E0A5500DEED7A /* version.h */ = {isa = PBXFileReference; fileEncoding = 4; lastKnownFileType = sourcecode.c.h; path = version.h; sourceTree = "<group>"; };
		5A90B66F172E0A5500DEED7A /* checksum.h */ = {isa = PBXFileReference; fileEncoding = 4; lastKnownFileType = sourcecode.c.h; path = checksum.h; sourceTree = "<group>"; };
		5A90B671172E0A5500DEED7A /* checksum.h */ = {isa = PBXFileReference; fileEncoding = 4; lastKnownFileType = sourcecode.c.h; path = checksum.h; sourceTree = "<group>"; };
		5A90B672172E0A5500DEED7A /* common.h */ = {isa = PBXFileReference; fileEncoding = 4; lastKnownFileType = sourcecode.c.h; path = common.h; sourceTree = "<group>"; };
		5A90B673172E0A5500DEED7A /* mavlink.h */ = {isa = PBXFileReference; fileEncoding = 4; lastKnownFileType = sourcecode.c.h; path = mavlink.h; sourceTree = "<group>"; };
		5A90B674172E0A5500DEED7A /* mavlink_helpers.h */ = {isa = PBXFileReference; fileEncoding = 4; lastKnownFileType = sourcecode.c.h; path = mavlink_helpers.h; sourceTree = "<group>"; };
		5A90B675172E0A5500DEED7A /* mavlink_msg_attitude.h */ = {isa = PBXFileReference; fileEncoding = 4; lastKnownFileType = sourcecode.c.h; path = mavlink_msg_attitude.h; sourceTree = "<group>"; };
		5A90B676172E0A5500DEED7A /* mavlink_msg_attitude_quaternion.h */ = {isa = PBXFileReference; fileEncoding = 4; lastKnownFileType = sourcecode.c.h; path = mavlink_msg_attitude_quaternion.h; sourceTree = "<group>"; };
		5A90B677172E0A5500DEED7A /* mavlink_msg_auth_key.h */ = {isa = PBXFileReference; fileEncoding = 4; lastKnownFileType = sourcecode.c.h; path = mavlink_msg_auth_key.h; sourceTree = "<group>"; };
		5A90B678172E0A5500DEED7A /* mavlink_msg_change_operator_control.h */ = {isa = PBXFileReference; fileEncoding = 4; lastKnownFileType = sourcecode.c.h; path = mavlink_msg_change_operator_control.h; sourceTree = "<group>"; };
		5A90B679172E0A5500DEED7A /* mavlink_msg_change_operator_control_ack.h */ = {isa = PBXFileReference; fileEncoding = 4; lastKnownFileType = sourcecode.c.h; path = mavlink_msg_change_operator_control_ack.h; sourceTree = "<group>"; };
		5A90B67A172E0A5500DEED7A /* mavlink_msg_command_ack.h */ = {isa = PBXFileReference; fileEncoding = 4; lastKnownFileType = sourcecode.c.h; path = mavlink_msg_command_ack.h; sourceTree = "<group>"; };
		5A90B67B172E0A5500DEED7A /* mavlink_msg_command_long.h */ = {isa = PBXFileReference; fileEncoding = 4; lastKnownFileType = sourcecode.c.h; path = mavlink_msg_command_long.h; sourceTree = "<group>"; };
		5A90B67C172E0A5500DEED7A /* mavlink_msg_data_stream.h */ = {isa = PBXFileReference; fileEncoding = 4; lastKnownFileType = sourcecode.c.h; path = mavlink_msg_data_stream.h; sourceTree = "<group>"; };
		5A90B67D172E0A5500DEED7A /* mavlink_msg_debug.h */ = {isa = PBXFileReference; fileEncoding = 4; lastKnownFileType = sourcecode.c.h; path = mavlink_msg_debug.h; sourceTree = "<group>"; };
		5A90B67E172E0A5500DEED7A /* mavlink_msg_debug_vect.h */ = {isa = PBXFileReference; fileEncoding = 4; lastKnownFileType = sourcecode.c.h; path = mavlink_msg_debug_vect.h; sourceTree = "<group>"; };
		5A90B67F172E0A5500DEED7A /* mavlink_msg_global_position_int.h */ = {isa = PBXFileReference; fileEncoding = 4; lastKnownFileType = sourcecode.c.h; path = mavlink_msg_global_position_int.h; sourceTree = "<group>"; };
		5A90B680172E0A5500DEED7A /* mavlink_msg_global_position_setpoint_int.h */ = {isa = PBXFileReference; fileEncoding = 4; lastKnownFileType = sourcecode.c.h; path = mavlink_msg_global_position_setpoint_int.h; sourceTree = "<group>"; };
		5A90B681172E0A5500DEED7A /* mavlink_msg_global_vision_position_estimate.h */ = {isa = PBXFileReference; fileEncoding = 4; lastKnownFileType = sourcecode.c.h; path = mavlink_msg_global_vision_position_estimate.h; sourceTree = "<group>"; };
		5A90B682172E0A5500DEED7A /* mavlink_msg_gps_global_origin.h */ = {isa = PBXFileReference; fileEncoding = 4; lastKnownFileType = sourcecode.c.h; path = mavlink_msg_gps_global_origin.h; sourceTree = "<group>"; };
		5A90B683172E0A5500DEED7A /* mavlink_msg_gps_raw_int.h */ = {isa = PBXFileReference; fileEncoding = 4; lastKnownFileType = sourcecode.c.h; path = mavlink_msg_gps_raw_int.h; sourceTree = "<group>"; };
		5A90B684172E0A5500DEED7A /* mavlink_msg_gps_status.h */ = {isa = PBXFileReference; fileEncoding = 4; lastKnownFileType = sourcecode.c.h; path = mavlink_msg_gps_status.h; sourceTree = "<group>"; };
		5A90B685172E0A5500DEED7A /* mavlink_msg_heartbeat.h */ = {isa = PBXFileReference; fileEncoding = 4; lastKnownFileType = sourcecode.c.h; path = mavlink_msg_heartbeat.h; sourceTree = "<group>"; };
		5A90B686172E0A5500DEED7A /* mavlink_msg_hil_controls.h */ = {isa = PBXFileReference; fileEncoding = 4; lastKnownFileType = sourcecode.c.h; path = mavlink_msg_hil_controls.h; sourceTree = "<group>"; };
		5A90B687172E0A5500DEED7A /* mavlink_msg_hil_rc_inputs_raw.h */ = {isa = PBXFileReference; fileEncoding = 4; lastKnownFileType = sourcecode.c.h; path = mavlink_msg_hil_rc_inputs_raw.h; sourceTree = "<group>"; };
		5A90B688172E0A5500DEED7A /* mavlink_msg_hil_state.h */ = {isa = PBXFileReference; fileEncoding = 4; lastKnownFileType = sourcecode.c.h; path = mavlink_msg_hil_state.h; sourceTree = "<group>"; };
		5A90B689172E0A5500DEED7A /* mavlink_msg_local_position_ned.h */ = {isa = PBXFileReference; fileEncoding = 4; lastKnownFileType = sourcecode.c.h; path = mavlink_msg_local_position_ned.h; sourceTree = "<group>"; };
		5A90B68A172E0A5500DEED7A /* mavlink_msg_local_position_ned_system_global_offset.h */ = {isa = PBXFileReference; fileEncoding = 4; lastKnownFileType = sourcecode.c.h; path = mavlink_msg_local_position_ned_system_global_offset.h; sourceTree = "<group>"; };
		5A90B68B172E0A5500DEED7A /* mavlink_msg_local_position_setpoint.h */ = {isa = PBXFileReference; fileEncoding = 4; lastKnownFileType = sourcecode.c.h; path = mavlink_msg_local_position_setpoint.h; sourceTree = "<group>"; };
		5A90B68C172E0A5500DEED7A /* mavlink_msg_manual_control.h */ = {isa = PBXFileReference; fileEncoding = 4; lastKnownFileType = sourcecode.c.h; path = mavlink_msg_manual_control.h; sourceTree = "<group>"; };
		5A90B68D172E0A5500DEED7A /* mavlink_msg_memory_vect.h */ = {isa = PBXFileReference; fileEncoding = 4; lastKnownFileType = sourcecode.c.h; path = mavlink_msg_memory_vect.h; sourceTree = "<group>"; };
		5A90B68E172E0A5500DEED7A /* mavlink_msg_mission_ack.h */ = {isa = PBXFileReference; fileEncoding = 4; lastKnownFileType = sourcecode.c.h; path = mavlink_msg_mission_ack.h; sourceTree = "<group>"; };
		5A90B68F172E0A5500DEED7A /* mavlink_msg_mission_clear_all.h */ = {isa = PBXFileReference; fileEncoding = 4; lastKnownFileType = sourcecode.c.h; path = mavlink_msg_mission_clear_all.h; sourceTree = "<group>"; };
		5A90B690172E0A5500DEED7A /* mavlink_msg_mission_count.h */ = {isa = PBXFileReference; fileEncoding = 4; lastKnownFileType = sourcecode.c.h; path = mavlink_msg_mission_count.h; sourceTree = "<group>"; };
		5A90B691172E0A5500DEED7A /* mavlink_msg_mission_current.h */ = {isa = PBXFileReference; fileEncoding = 4; lastKnownFileType = sourcecode.c.h; path = mavlink_msg_mission_current.h; sourceTree = "<group>"; };
		5A90B692172E0A5500DEED7A /* mavlink_msg_mission_item.h */ = {isa = PBXFileReference; fileEncoding = 4; lastKnownFileType = sourcecode.c.h; path = mavlink_msg_mission_item.h; sourceTree = "<group>"; };
		5A90B693172E0A5500DEED7A /* mavlink_msg_mission_item_reached.h */ = {isa = PBXFileReference; fileEncoding = 4; lastKnownFileType = sourcecode.c.h; path = mavlink_msg_mission_item_reached.h; sourceTree = "<group>"; };
		5A90B694172E0A5500DEED7A /* mavlink_msg_mission_request.h */ = {isa = PBXFileReference; fileEncoding = 4; lastKnownFileType = sourcecode.c.h; path = mavlink_msg_mission_request.h; sourceTree = "<group>"; };
		5A90B695172E0A5500DEED7A /* mavlink_msg_mission_request_list.h */ = {isa = PBXFileReference; fileEncoding = 4; lastKnownFileType = sourcecode.c.h; path = mavlink_msg_mission_request_list.h; sourceTree = "<group>"; };
		5A90B696172E0A5500DEED7A /* mavlink_msg_mission_request_partial_list.h */ = {isa = PBXFileReference; fileEncoding = 4; lastKnownFileType = sourcecode.c.h; path = mavlink_msg_mission_request_partial_list.h; sourceTree = "<group>"; };
		5A90B697172E0A5500DEED7A /* mavlink_msg_mission_set_current.h */ = {isa = PBXFileReference; fileEncoding = 4; lastKnownFileType = sourcecode.c.h; path = mavlink_msg_mission_set_current.h; sourceTree = "<group>"; };
		5A90B698172E0A5500DEED7A /* mavlink_msg_mission_write_partial_list.h */ = {isa = PBXFileReference; fileEncoding = 4; lastKnownFileType = sourcecode.c.h; path = mavlink_msg_mission_write_partial_list.h; sourceTree = "<group>"; };
		5A90B699172E0A5500DEED7A /* mavlink_msg_named_value_float.h */ = {isa = PBXFileReference; fileEncoding = 4; lastKnownFileType = sourcecode.c.h; path = mavlink_msg_named_value_float.h; sourceTree = "<group>"; };
		5A90B69A172E0A5500DEED7A /* mavlink_msg_named_value_int.h */ = {isa = PBXFileReference; fileEncoding = 4; lastKnownFileType = sourcecode.c.h; path = mavlink_msg_named_value_int.h; sourceTree = "<group>"; };
		5A90B69B172E0A5500DEED7A /* mavlink_msg_nav_controller_output.h */ = {isa = PBXFileReference; fileEncoding = 4; lastKnownFileType = sourcecode.c.h; path = mavlink_msg_nav_controller_output.h; sourceTree = "<group>"; };
		5A90B69C172E0A5500DEED7A /* mavlink_msg_optical_flow.h */ = {isa = PBXFileReference; fileEncoding = 4; lastKnownFileType = sourcecode.c.h; path = mavlink_msg_optical_flow.h; sourceTree = "<group>"; };
		5A90B69D172E0A5500DEED7A /* mavlink_msg_param_request_list.h */ = {isa = PBXFileReference; fileEncoding = 4; lastKnownFileType = sourcecode.c.h; path = mavlink_msg_param_request_list.h; sourceTree = "<group>"; };
		5A90B69E172E0A5500DEED7A /* mavlink_msg_param_request_read.h */ = {isa = PBXFileReference; fileEncoding = 4; lastKnownFileType = sourcecode.c.h; path = mavlink_msg_param_request_read.h; sourceTree = "<group>"; };
		5A90B69F172E0A5500DEED7A /* mavlink_msg_param_set.h */ = {isa = PBXFileReference; fileEncoding = 4; lastKnownFileType = sourcecode.c.h; path = mavlink_msg_param_set.h; sourceTree = "<group>"; };
		5A90B6A0172E0A5500DEED7A /* mavlink_msg_param_value.h */ = {isa = PBXFileReference; fileEncoding = 4; lastKnownFileType = sourcecode.c.h; path = mavlink_msg_param_value.h; sourceTree = "<group>"; };
		5A90B6A1172E0A5500DEED7A /* mavlink_msg_ping.h */ = {isa = PBXFileReference; fileEncoding = 4; lastKnownFileType = sourcecode.c.h; path = mavlink_msg_ping.h; sourceTree = "<group>"; };
		5A90B6A2172E0A5500DEED7A /* mavlink_msg_raw_imu.h */ = {isa = PBXFileReference; fileEncoding = 4; lastKnownFileType = sourcecode.c.h; path = mavlink_msg_raw_imu.h; sourceTree = "<group>"; };
		5A90B6A3172E0A5500DEED7A /* mavlink_msg_raw_pressure.h */ = {isa = PBXFileReference; fileEncoding = 4; lastKnownFileType = sourcecode.c.h; path = mavlink_msg_raw_pressure.h; sourceTree = "<group>"; };
		5A90B6A4172E0A5500DEED7A /* mavlink_msg_rc_channels_override.h */ = {isa = PBXFileReference; fileEncoding = 4; lastKnownFileType = sourcecode.c.h; path = mavlink_msg_rc_channels_override.h; sourceTree = "<group>"; };
		5A90B6A5172E0A5500DEED7A /* mavlink_msg_rc_channels_raw.h */ = {isa = PBXFileReference; fileEncoding = 4; lastKnownFileType = sourcecode.c.h; path = mavlink_msg_rc_channels_raw.h; sourceTree = "<group>"; };
		5A90B6A6172E0A5500DEED7A /* mavlink_msg_rc_channels_scaled.h */ = {isa = PBXFileReference; fileEncoding = 4; lastKnownFileType = sourcecode.c.h; path = mavlink_msg_rc_channels_scaled.h; sourceTree = "<group>"; };
		5A90B6A7172E0A5500DEED7A /* mavlink_msg_request_data_stream.h */ = {isa = PBXFileReference; fileEncoding = 4; lastKnownFileType = sourcecode.c.h; path = mavlink_msg_request_data_stream.h; sourceTree = "<group>"; };
		5A90B6A8172E0A5500DEED7A /* mavlink_msg_roll_pitch_yaw_speed_thrust_setpoint.h */ = {isa = PBXFileReference; fileEncoding = 4; lastKnownFileType = sourcecode.c.h; path = mavlink_msg_roll_pitch_yaw_speed_thrust_setpoint.h; sourceTree = "<group>"; };
		5A90B6A9172E0A5500DEED7A /* mavlink_msg_roll_pitch_yaw_thrust_setpoint.h */ = {isa = PBXFileReference; fileEncoding = 4; lastKnownFileType = sourcecode.c.h; path = mavlink_msg_roll_pitch_yaw_thrust_setpoint.h; sourceTree = "<group>"; };
		5A90B6AA172E0A5500DEED7A /* mavlink_msg_safety_allowed_area.h */ = {isa = PBXFileReference; fileEncoding = 4; lastKnownFileType = sourcecode.c.h; path = mavlink_msg_safety_allowed_area.h; sourceTree = "<group>"; };
		5A90B6AB172E0A5500DEED7A /* mavlink_msg_safety_set_allowed_area.h */ = {isa = PBXFileReference; fileEncoding = 4; lastKnownFileType = sourcecode.c.h; path = mavlink_msg_safety_set_allowed_area.h; sourceTree = "<group>"; };
		5A90B6AC172E0A5500DEED7A /* mavlink_msg_scaled_imu.h */ = {isa = PBXFileReference; fileEncoding = 4; lastKnownFileType = sourcecode.c.h; path = mavlink_msg_scaled_imu.h; sourceTree = "<group>"; };
		5A90B6AD172E0A5500DEED7A /* mavlink_msg_scaled_pressure.h */ = {isa = PBXFileReference; fileEncoding = 4; lastKnownFileType = sourcecode.c.h; path = mavlink_msg_scaled_pressure.h; sourceTree = "<group>"; };
		5A90B6AE172E0A5500DEED7A /* mavlink_msg_servo_output_raw.h */ = {isa = PBXFileReference; fileEncoding = 4; lastKnownFileType = sourcecode.c.h; path = mavlink_msg_servo_output_raw.h; sourceTree = "<group>"; };
		5A90B6AF172E0A5500DEED7A /* mavlink_msg_set_global_position_setpoint_int.h */ = {isa = PBXFileReference; fileEncoding = 4; lastKnownFileType = sourcecode.c.h; path = mavlink_msg_set_global_position_setpoint_int.h; sourceTree = "<group>"; };
		5A90B6B0172E0A5500DEED7A /* mavlink_msg_set_gps_global_origin.h */ = {isa = PBXFileReference; fileEncoding = 4; lastKnownFileType = sourcecode.c.h; path = mavlink_msg_set_gps_global_origin.h; sourceTree = "<group>"; };
		5A90B6B1172E0A5500DEED7A /* mavlink_msg_set_local_position_setpoint.h */ = {isa = PBXFileReference; fileEncoding = 4; lastKnownFileType = sourcecode.c.h; path = mavlink_msg_set_local_position_setpoint.h; sourceTree = "<group>"; };
		5A90B6B2172E0A5500DEED7A /* mavlink_msg_set_mode.h */ = {isa = PBXFileReference; fileEncoding = 4; lastKnownFileType = sourcecode.c.h; path = mavlink_msg_set_mode.h; sourceTree = "<group>"; };
		5A90B6B3172E0A5500DEED7A /* mavlink_msg_set_quad_motors_setpoint.h */ = {isa = PBXFileReference; fileEncoding = 4; lastKnownFileType = sourcecode.c.h; path = mavlink_msg_set_quad_motors_setpoint.h; sourceTree = "<group>"; };
		5A90B6B4172E0A5500DEED7A /* mavlink_msg_set_quad_swarm_led_roll_pitch_yaw_thrust.h */ = {isa = PBXFileReference; fileEncoding = 4; lastKnownFileType = sourcecode.c.h; path = mavlink_msg_set_quad_swarm_led_roll_pitch_yaw_thrust.h; sourceTree = "<group>"; };
		5A90B6B5172E0A5500DEED7A /* mavlink_msg_set_quad_swarm_roll_pitch_yaw_thrust.h */ = {isa = PBXFileReference; fileEncoding = 4; lastKnownFileType = sourcecode.c.h; path = mavlink_msg_set_quad_swarm_roll_pitch_yaw_thrust.h; sourceTree = "<group>"; };
		5A90B6B6172E0A5500DEED7A /* mavlink_msg_set_roll_pitch_yaw_speed_thrust.h */ = {isa = PBXFileReference; fileEncoding = 4; lastKnownFileType = sourcecode.c.h; path = mavlink_msg_set_roll_pitch_yaw_speed_thrust.h; sourceTree = "<group>"; };
		5A90B6B7172E0A5500DEED7A /* mavlink_msg_set_roll_pitch_yaw_thrust.h */ = {isa = PBXFileReference; fileEncoding = 4; lastKnownFileType = sourcecode.c.h; path = mavlink_msg_set_roll_pitch_yaw_thrust.h; sourceTree = "<group>"; };
		5A90B6B8172E0A5500DEED7A /* mavlink_msg_state_correction.h */ = {isa = PBXFileReference; fileEncoding = 4; lastKnownFileType = sourcecode.c.h; path = mavlink_msg_state_correction.h; sourceTree = "<group>"; };
		5A90B6B9172E0A5500DEED7A /* mavlink_msg_statustext.h */ = {isa = PBXFileReference; fileEncoding = 4; lastKnownFileType = sourcecode.c.h; path = mavlink_msg_statustext.h; sourceTree = "<group>"; };
		5A90B6BA172E0A5500DEED7A /* mavlink_msg_sys_status.h */ = {isa = PBXFileReference; fileEncoding = 4; lastKnownFileType = sourcecode.c.h; path = mavlink_msg_sys_status.h; sourceTree = "<group>"; };
		5A90B6BB172E0A5500DEED7A /* mavlink_msg_system_time.h */ = {isa = PBXFileReference; fileEncoding = 4; lastKnownFileType = sourcecode.c.h; path = mavlink_msg_system_time.h; sourceTree = "<group>"; };
		5A90B6BC172E0A5500DEED7A /* mavlink_msg_vfr_hud.h */ = {isa = PBXFileReference; fileEncoding = 4; lastKnownFileType = sourcecode.c.h; path = mavlink_msg_vfr_hud.h; sourceTree = "<group>"; };
		5A90B6BD172E0A5500DEED7A /* mavlink_msg_vicon_position_estimate.h */ = {isa = PBXFileReference; fileEncoding = 4; lastKnownFileType = sourcecode.c.h; path = mavlink_msg_vicon_position_estimate.h; sourceTree = "<group>"; };
		5A90B6BE172E0A5500DEED7A /* mavlink_msg_vision_position_estimate.h */ = {isa = PBXFileReference; fileEncoding = 4; lastKnownFileType = sourcecode.c.h; path = mavlink_msg_vision_position_estimate.h; sourceTree = "<group>"; };
		5A90B6BF172E0A5500DEED7A /* mavlink_msg_vision_speed_estimate.h */ = {isa = PBXFileReference; fileEncoding = 4; lastKnownFileType = sourcecode.c.h; path = mavlink_msg_vision_speed_estimate.h; sourceTree = "<group>"; };
		5A90B6C0172E0A5500DEED7A /* mavlink_protobuf_manager.hpp */ = {isa = PBXFileReference; fileEncoding = 4; lastKnownFileType = sourcecode.cpp.h; path = mavlink_protobuf_manager.hpp; sourceTree = "<group>"; };
		5A90B6C1172E0A5500DEED7A /* mavlink_types.h */ = {isa = PBXFileReference; fileEncoding = 4; lastKnownFileType = sourcecode.c.h; path = mavlink_types.h; sourceTree = "<group>"; };
		5A90B6C2172E0A5500DEED7A /* protocol.h */ = {isa = PBXFileReference; fileEncoding = 4; lastKnownFileType = sourcecode.c.h; path = protocol.h; sourceTree = "<group>"; };
		5A90B6C3172E0A5500DEED7A /* testsuite.h */ = {isa = PBXFileReference; fileEncoding = 4; lastKnownFileType = sourcecode.c.h; path = testsuite.h; sourceTree = "<group>"; };
		5A90B6C4172E0A5500DEED7A /* version.h */ = {isa = PBXFileReference; fileEncoding = 4; lastKnownFileType = sourcecode.c.h; path = version.h; sourceTree = "<group>"; };
		5A90B6C6172E0A5500DEED7A /* matrixpilot.h */ = {isa = PBXFileReference; fileEncoding = 4; lastKnownFileType = sourcecode.c.h; path = matrixpilot.h; sourceTree = "<group>"; };
		5A90B6C7172E0A5500DEED7A /* mavlink.h */ = {isa = PBXFileReference; fileEncoding = 4; lastKnownFileType = sourcecode.c.h; path = mavlink.h; sourceTree = "<group>"; };
		5A90B6C8172E0A5500DEED7A /* testsuite.h */ = {isa = PBXFileReference; fileEncoding = 4; lastKnownFileType = sourcecode.c.h; path = testsuite.h; sourceTree = "<group>"; };
		5A90B6C9172E0A5500DEED7A /* version.h */ = {isa = PBXFileReference; fileEncoding = 4; lastKnownFileType = sourcecode.c.h; path = version.h; sourceTree = "<group>"; };
		5A90B6CA172E0A5500DEED7A /* mavlink_helpers.h */ = {isa = PBXFileReference; fileEncoding = 4; lastKnownFileType = sourcecode.c.h; path = mavlink_helpers.h; sourceTree = "<group>"; };
		5A90B6CB172E0A5500DEED7A /* mavlink_protobuf_manager.hpp */ = {isa = PBXFileReference; fileEncoding = 4; lastKnownFileType = sourcecode.cpp.h; path = mavlink_protobuf_manager.hpp; sourceTree = "<group>"; };
		5A90B6CC172E0A5500DEED7A /* mavlink_types.h */ = {isa = PBXFileReference; fileEncoding = 4; lastKnownFileType = sourcecode.c.h; path = mavlink_types.h; sourceTree = "<group>"; };
		5A90B6CE172E0A5500DEED7A /* mavlink.h */ = {isa = PBXFileReference; fileEncoding = 4; lastKnownFileType = sourcecode.c.h; path = mavlink.h; sourceTree = "<group>"; };
		5A90B6CF172E0A5500DEED7A /* mavlink_msg_attitude_control.h */ = {isa = PBXFileReference; fileEncoding = 4; lastKnownFileType = sourcecode.c.h; path = mavlink_msg_attitude_control.h; sourceTree = "<group>"; };
		5A90B6D0172E0A5500DEED7A /* mavlink_msg_brief_feature.h */ = {isa = PBXFileReference; fileEncoding = 4; lastKnownFileType = sourcecode.c.h; path = mavlink_msg_brief_feature.h; sourceTree = "<group>"; };
		5A90B6D1172E0A5500DEED7A /* mavlink_msg_data_transmission_handshake.h */ = {isa = PBXFileReference; fileEncoding = 4; lastKnownFileType = sourcecode.c.h; path = mavlink_msg_data_transmission_handshake.h; sourceTree = "<group>"; };
		5A90B6D2172E0A5500DEED7A /* mavlink_msg_encapsulated_data.h */ = {isa = PBXFileReference; fileEncoding = 4; lastKnownFileType = sourcecode.c.h; path = mavlink_msg_encapsulated_data.h; sourceTree = "<group>"; };
		5A90B6D3172E0A5500DEED7A /* mavlink_msg_image_available.h */ = {isa = PBXFileReference; fileEncoding = 4; lastKnownFileType = sourcecode.c.h; path = mavlink_msg_image_available.h; sourceTree = "<group>"; };
		5A90B6D4172E0A5500DEED7A /* mavlink_msg_image_trigger_control.h */ = {isa = PBXFileReference; fileEncoding = 4; lastKnownFileType = sourcecode.c.h; path = mavlink_msg_image_trigger_control.h; sourceTree = "<group>"; };
		5A90B6D5172E0A5500DEED7A /* mavlink_msg_image_triggered.h */ = {isa = PBXFileReference; fileEncoding = 4; lastKnownFileType = sourcecode.c.h; path = mavlink_msg_image_triggered.h; sourceTree = "<group>"; };
		5A90B6D6172E0A5500DEED7A /* mavlink_msg_marker.h */ = {isa = PBXFileReference; fileEncoding = 4; lastKnownFileType = sourcecode.c.h; path = mavlink_msg_marker.h; sourceTree = "<group>"; };
		5A90B6D7172E0A5500DEED7A /* mavlink_msg_pattern_detected.h */ = {isa = PBXFileReference; fileEncoding = 4; lastKnownFileType = sourcecode.c.h; path = mavlink_msg_pattern_detected.h; sourceTree = "<group>"; };
		5A90B6D8172E0A5500DEED7A /* mavlink_msg_point_of_interest.h */ = {isa = PBXFileReference; fileEncoding = 4; lastKnownFileType = sourcecode.c.h; path = mavlink_msg_point_of_interest.h; sourceTree = "<group>"; };
		5A90B6D9172E0A5500DEED7A /* mavlink_msg_point_of_interest_connection.h */ = {isa = PBXFileReference; fileEncoding = 4; lastKnownFileType = sourcecode.c.h; path = mavlink_msg_point_of_interest_connection.h; sourceTree = "<group>"; };
		5A90B6DA172E0A5500DEED7A /* mavlink_msg_position_control_setpoint.h */ = {isa = PBXFileReference; fileEncoding = 4; lastKnownFileType = sourcecode.c.h; path = mavlink_msg_position_control_setpoint.h; sourceTree = "<group>"; };
		5A90B6DB172E0A5500DEED7A /* mavlink_msg_raw_aux.h */ = {isa = PBXFileReference; fileEncoding = 4; lastKnownFileType = sourcecode.c.h; path = mavlink_msg_raw_aux.h; sourceTree = "<group>"; };
		5A90B6DC172E0A5500DEED7A /* mavlink_msg_set_cam_shutter.h */ = {isa = PBXFileReference; fileEncoding = 4; lastKnownFileType = sourcecode.c.h; path = mavlink_msg_set_cam_shutter.h; sourceTree = "<group>"; };
		5A90B6DD172E0A5500DEED7A /* mavlink_msg_set_position_control_offset.h */ = {isa = PBXFileReference; fileEncoding = 4; lastKnownFileType = sourcecode.c.h; path = mavlink_msg_set_position_control_offset.h; sourceTree = "<group>"; };
		5A90B6DE172E0A5500DEED7A /* mavlink_msg_watchdog_command.h */ = {isa = PBXFileReference; fileEncoding = 4; lastKnownFileType = sourcecode.c.h; path = mavlink_msg_watchdog_command.h; sourceTree = "<group>"; };
		5A90B6DF172E0A5500DEED7A /* mavlink_msg_watchdog_heartbeat.h */ = {isa = PBXFileReference; fileEncoding = 4; lastKnownFileType = sourcecode.c.h; path = mavlink_msg_watchdog_heartbeat.h; sourceTree = "<group>"; };
		5A90B6E0172E0A5500DEED7A /* mavlink_msg_watchdog_process_info.h */ = {isa = PBXFileReference; fileEncoding = 4; lastKnownFileType = sourcecode.c.h; path = mavlink_msg_watchdog_process_info.h; sourceTree = "<group>"; };
		5A90B6E1172E0A5500DEED7A /* mavlink_msg_watchdog_process_status.h */ = {isa = PBXFileReference; fileEncoding = 4; lastKnownFileType = sourcecode.c.h; path = mavlink_msg_watchdog_process_status.h; sourceTree = "<group>"; };
		5A90B6E2172E0A5500DEED7A /* pixhawk.h */ = {isa = PBXFileReference; fileEncoding = 4; lastKnownFileType = sourcecode.c.h; path = pixhawk.h; sourceTree = "<group>"; };
		5A90B6E3172E0A5500DEED7A /* pixhawk.pb.h */ = {isa = PBXFileReference; fileEncoding = 4; lastKnownFileType = sourcecode.c.h; path = pixhawk.pb.h; sourceTree = "<group>"; };
		5A90B6E4172E0A5500DEED7A /* testsuite.h */ = {isa = PBXFileReference; fileEncoding = 4; lastKnownFileType = sourcecode.c.h; path = testsuite.h; sourceTree = "<group>"; };
		5A90B6E5172E0A5500DEED7A /* version.h */ = {isa = PBXFileReference; fileEncoding = 4; lastKnownFileType = sourcecode.c.h; path = version.h; sourceTree = "<group>"; };
		5A90B6E6172E0A5500DEED7A /* protocol.h */ = {isa = PBXFileReference; fileEncoding = 4; lastKnownFileType = sourcecode.c.h; path = protocol.h; sourceTree = "<group>"; };
		5A90B6E8172E0A5500DEED7A /* mavlink.h */ = {isa = PBXFileReference; fileEncoding = 4; lastKnownFileType = sourcecode.c.h; path = mavlink.h; sourceTree = "<group>"; };
		5A90B6E9172E0A5500DEED7A /* mavlink_msg_cmd_airspeed_ack.h */ = {isa = PBXFileReference; fileEncoding = 4; lastKnownFileType = sourcecode.c.h; path = mavlink_msg_cmd_airspeed_ack.h; sourceTree = "<group>"; };
		5A90B6EA172E0A5500DEED7A /* mavlink_msg_cmd_airspeed_chng.h */ = {isa = PBXFileReference; fileEncoding = 4; lastKnownFileType = sourcecode.c.h; path = mavlink_msg_cmd_airspeed_chng.h; sourceTree = "<group>"; };
		5A90B6EB172E0A5500DEED7A /* mavlink_msg_filt_rot_vel.h */ = {isa = PBXFileReference; fileEncoding = 4; lastKnownFileType = sourcecode.c.h; path = mavlink_msg_filt_rot_vel.h; sourceTree = "<group>"; };
		5A90B6EC172E0A5500DEED7A /* mavlink_msg_llc_out.h */ = {isa = PBXFileReference; fileEncoding = 4; lastKnownFileType = sourcecode.c.h; path = mavlink_msg_llc_out.h; sourceTree = "<group>"; };
		5A90B6ED172E0A5500DEED7A /* mavlink_msg_obs_air_temp.h */ = {isa = PBXFileReference; fileEncoding = 4; lastKnownFileType = sourcecode.c.h; path = mavlink_msg_obs_air_temp.h; sourceTree = "<group>"; };
		5A90B6EE172E0A5500DEED7A /* mavlink_msg_obs_air_velocity.h */ = {isa = PBXFileReference; fileEncoding = 4; lastKnownFileType = sourcecode.c.h; path = mavlink_msg_obs_air_velocity.h; sourceTree = "<group>"; };
		5A90B6EF172E0A5500DEED7A /* mavlink_msg_obs_attitude.h */ = {isa = PBXFileReference; fileEncoding = 4; lastKnownFileType = sourcecode.c.h; path = mavlink_msg_obs_attitude.h; sourceTree = "<group>"; };
		5A90B6F0172E0A5500DEED7A /* mavlink_msg_obs_bias.h */ = {isa = PBXFileReference; fileEncoding = 4; lastKnownFileType = sourcecode.c.h; path = mavlink_msg_obs_bias.h; sourceTree = "<group>"; };
		5A90B6F1172E0A5500DEED7A /* mavlink_msg_obs_position.h */ = {isa = PBXFileReference; fileEncoding = 4; lastKnownFileType = sourcecode.c.h; path = mavlink_msg_obs_position.h; sourceTree = "<group>"; };
		5A90B6F2172E0A5500DEED7A /* mavlink_msg_obs_qff.h */ = {isa = PBXFileReference; fileEncoding = 4; lastKnownFileType = sourcecode.c.h; path = mavlink_msg_obs_qff.h; sourceTree = "<group>"; };
		5A90B6F3172E0A5500DEED7A /* mavlink_msg_obs_velocity.h */ = {isa = PBXFileReference; fileEncoding = 4; lastKnownFileType = sourcecode.c.h; path = mavlink_msg_obs_velocity.h; sourceTree = "<group>"; };
		5A90B6F4172E0A5500DEED7A /* mavlink_msg_obs_wind.h */ = {isa = PBXFileReference; fileEncoding = 4; lastKnownFileType = sourcecode.c.h; path = mavlink_msg_obs_wind.h; sourceTree = "<group>"; };
		5A90B6F5172E0A5500DEED7A /* mavlink_msg_pm_elec.h */ = {isa = PBXFileReference; fileEncoding = 4; lastKnownFileType = sourcecode.c.h; path = mavlink_msg_pm_elec.h; sourceTree = "<group>"; };
		5A90B6F6172E0A5500DEED7A /* mavlink_msg_sys_stat.h */ = {isa = PBXFileReference; fileEncoding = 4; lastKnownFileType = sourcecode.c.h; path = mavlink_msg_sys_stat.h; sourceTree = "<group>"; };
		5A90B6F7172E0A5500DEED7A /* sensesoar.h */ = {isa = PBXFileReference; fileEncoding = 4; lastKnownFileType = sourcecode.c.h; path = sensesoar.h; sourceTree = "<group>"; };
		5A90B6F8172E0A5500DEED7A /* testsuite.h */ = {isa = PBXFileReference; fileEncoding = 4; lastKnownFileType = sourcecode.c.h; path = testsuite.h; sourceTree = "<group>"; };
		5A90B6F9172E0A5500DEED7A /* version.h */ = {isa = PBXFileReference; fileEncoding = 4; lastKnownFileType = sourcecode.c.h; path = version.h; sourceTree = "<group>"; };
		5A90B6FC172E1F2100DEED7A /* GCDAsyncUdpSocket.h */ = {isa = PBXFileReference; fileEncoding = 4; lastKnownFileType = sourcecode.c.h; name = GCDAsyncUdpSocket.h; path = ../../CocoaAsyncSocket/GCD/GCDAsyncUdpSocket.h; sourceTree = "<group>"; };
		5A90B6FD172E1F2100DEED7A /* GCDAsyncUdpSocket.m */ = {isa = PBXFileReference; fileEncoding = 4; lastKnownFileType = sourcecode.c.objc; name = GCDAsyncUdpSocket.m; path = ../../CocoaAsyncSocket/GCD/GCDAsyncUdpSocket.m; sourceTree = "<group>"; };
		5A90B6FF172E202C00DEED7A /* CFNetwork.framework */ = {isa = PBXFileReference; lastKnownFileType = wrapper.framework; name = CFNetwork.framework; path = System/Library/Frameworks/CFNetwork.framework; sourceTree = SDKROOT; };
		5A9693181745CBFE00F382C3 /* KCMavlinkHeartBeat.h */ = {isa = PBXFileReference; fileEncoding = 4; lastKnownFileType = sourcecode.c.h; path = KCMavlinkHeartBeat.h; sourceTree = "<group>"; };
		5A9693191745CBFE00F382C3 /* KCMavlinkHeartBeat.m */ = {isa = PBXFileReference; fileEncoding = 4; lastKnownFileType = sourcecode.c.objc; path = KCMavlinkHeartBeat.m; sourceTree = "<group>"; };
		5A96931D1746130900F382C3 /* KCMavlinkSysStatus.h */ = {isa = PBXFileReference; fileEncoding = 4; lastKnownFileType = sourcecode.c.h; name = KCMavlinkSysStatus.h; path = ../KCMavlinkSysStatus.h; sourceTree = "<group>"; };
		5A96931E1746130900F382C3 /* KCMavlinkSysStatus.m */ = {isa = PBXFileReference; fileEncoding = 4; lastKnownFileType = sourcecode.c.objc; name = KCMavlinkSysStatus.m; path = ../KCMavlinkSysStatus.m; sourceTree = "<group>"; };
		5A96932117462F4A00F382C3 /* KCMavlinkSystemTime.h */ = {isa = PBXFileReference; fileEncoding = 4; lastKnownFileType = sourcecode.c.h; path = KCMavlinkSystemTime.h; sourceTree = "<group>"; };
		5A96932217462F4A00F382C3 /* KCMavlinkSystemTime.m */ = {isa = PBXFileReference; fileEncoding = 4; lastKnownFileType = sourcecode.c.objc; path = KCMavlinkSystemTime.m; sourceTree = "<group>"; };
		5A9693241746353C00F382C3 /* KCMavlinkSetMode.h */ = {isa = PBXFileReference; fileEncoding = 4; lastKnownFileType = sourcecode.c.h; path = KCMavlinkSetMode.h; sourceTree = "<group>"; };
		5A9693251746353D00F382C3 /* KCMavlinkSetMode.m */ = {isa = PBXFileReference; fileEncoding = 4; lastKnownFileType = sourcecode.c.objc; path = KCMavlinkSetMode.m; sourceTree = "<group>"; };
		5AAE5F87178FDAB0002C6C0D /* KCMavlinkMessage.h */ = {isa = PBXFileReference; fileEncoding = 4; lastKnownFileType = sourcecode.c.h; path = KCMavlinkMessage.h; sourceTree = "<group>"; };
		5AAE5F88178FDAB0002C6C0D /* KCMavlinkMessage.m */ = {isa = PBXFileReference; fileEncoding = 4; lastKnownFileType = sourcecode.c.objc; path = KCMavlinkMessage.m; sourceTree = "<group>"; };
		5AD9E82118091B8500AE754C /* MapKit.framework */ = {isa = PBXFileReference; lastKnownFileType = wrapper.framework; name = MapKit.framework; path = System/Library/Frameworks/MapKit.framework; sourceTree = SDKROOT; };
		5ADC03DE173798E6004A9ACC /* KCMavlinkIO.h */ = {isa = PBXFileReference; fileEncoding = 4; lastKnownFileType = sourcecode.c.h; path = KCMavlinkIO.h; sourceTree = "<group>"; };
		5ADC03DF173798E6004A9ACC /* KCMavlinkIO.m */ = {isa = PBXFileReference; fileEncoding = 4; lastKnownFileType = sourcecode.c.objc; path = KCMavlinkIO.m; sourceTree = "<group>"; };
		5ADC03E11737A622004A9ACC /* KCSokcet.h */ = {isa = PBXFileReference; fileEncoding = 4; lastKnownFileType = sourcecode.c.h; path = KCSokcet.h; sourceTree = "<group>"; };
		5ADC03E21737A622004A9ACC /* KCSokcet.m */ = {isa = PBXFileReference; fileEncoding = 4; lastKnownFileType = sourcecode.c.objc; path = KCSokcet.m; sourceTree = "<group>"; };
/* End PBXFileReference section */

/* Begin PBXFrameworksBuildPhase section */
		5A90B62D172E09B600DEED7A /* Frameworks */ = {
			isa = PBXFrameworksBuildPhase;
			buildActionMask = 2147483647;
			files = (
				5A737CCB180D27DA002A42CC /* SystemConfiguration.framework in Frameworks */,
				5A737CC9180D27BF002A42CC /* QuartzCore.framework in Frameworks */,
				5A737CC7180D27B3002A42CC /* OpenGLES.framework in Frameworks */,
				5A737CC5180D27A9002A42CC /* libz.dylib in Frameworks */,
				5A737CC3180D279C002A42CC /* libicucore.dylib in Frameworks */,
				5A737CC1180D2783002A42CC /* libc++.dylib in Frameworks */,
				5A737CBF180D2776002A42CC /* ImageIO.framework in Frameworks */,
				5A737CBD180D276B002A42CC /* GLKit.framework in Frameworks */,
				5A737CBB180D2761002A42CC /* CoreText.framework in Frameworks */,
				5A737CB9180D2757002A42CC /* CoreData.framework in Frameworks */,
				5A737CB7180D273B002A42CC /* AVFoundation.framework in Frameworks */,
				5AD9E82218091B8600AE754C /* MapKit.framework in Frameworks */,
				5A737CB3180D266B002A42CC /* GoogleMaps.framework in Frameworks */,
				5A372B8717B5D372009F3DDD /* CoreLocation.framework in Frameworks */,
				5A90B700172E202C00DEED7A /* CFNetwork.framework in Frameworks */,
				5A90B634172E09B600DEED7A /* UIKit.framework in Frameworks */,
				5A90B636172E09B600DEED7A /* Foundation.framework in Frameworks */,
				5A90B638172E09B600DEED7A /* CoreGraphics.framework in Frameworks */,
			);
			runOnlyForDeploymentPostprocessing = 0;
		};
/* End PBXFrameworksBuildPhase section */

/* Begin PBXGroup section */
		5A90B627172E09B600DEED7A = {
			isa = PBXGroup;
			children = (
				5A90B639172E09B600DEED7A /* MavlinkTest */,
				5A90B632172E09B600DEED7A /* Frameworks */,
				5A90B631172E09B600DEED7A /* Products */,
			);
			sourceTree = "<group>";
		};
		5A90B631172E09B600DEED7A /* Products */ = {
			isa = PBXGroup;
			children = (
				5A90B630172E09B600DEED7A /* MavlinkTest.app */,
			);
			name = Products;
			sourceTree = "<group>";
		};
		5A90B632172E09B600DEED7A /* Frameworks */ = {
			isa = PBXGroup;
			children = (
				5A737CCA180D27DA002A42CC /* SystemConfiguration.framework */,
				5A737CC8180D27BF002A42CC /* QuartzCore.framework */,
				5A737CC6180D27B3002A42CC /* OpenGLES.framework */,
				5A737CC4180D27A9002A42CC /* libz.dylib */,
				5A737CC2180D279C002A42CC /* libicucore.dylib */,
				5A737CC0180D2783002A42CC /* libc++.dylib */,
				5A737CBE180D2775002A42CC /* ImageIO.framework */,
				5A737CBC180D276A002A42CC /* GLKit.framework */,
				5A737CBA180D2761002A42CC /* CoreText.framework */,
				5A737CB8180D2757002A42CC /* CoreData.framework */,
				5A737CB6180D273B002A42CC /* AVFoundation.framework */,
				5A737CB4180D26FD002A42CC /* GoogleMaps.bundle */,
				5A737CB2180D266B002A42CC /* GoogleMaps.framework */,
				5A90B6FF172E202C00DEED7A /* CFNetwork.framework */,
				5A372B8617B5D372009F3DDD /* CoreLocation.framework */,
				5AD9E82118091B8500AE754C /* MapKit.framework */,
				5A90B633172E09B600DEED7A /* UIKit.framework */,
				5A90B635172E09B600DEED7A /* Foundation.framework */,
				5A90B637172E09B600DEED7A /* CoreGraphics.framework */,
			);
			name = Frameworks;
			sourceTree = "<group>";
		};
		5A90B639172E09B600DEED7A /* MavlinkTest */ = {
			isa = PBXGroup;
			children = (
				5A737CCC180D289C002A42CC /* KCGoogleMapViewController.h */,
				5A737CCD180D289C002A42CC /* KCGoogleMapViewController.m */,
				5A96932017462EF900F382C3 /* ObjMavlink */,
				5A90B6FB172E1F0A00DEED7A /* UDP */,
				5A90B656172E0A3100DEED7A /* Mavlink */,
				5A90B642172E09B600DEED7A /* KCAppDelegate.h */,
				5A90B643172E09B600DEED7A /* KCAppDelegate.m */,
				5A90B64B172E09B600DEED7A /* MainStoryboard.storyboard */,
				5A90B64E172E09B600DEED7A /* KCViewController.h */,
				5A90B64F172E09B600DEED7A /* KCViewController.m */,
				5ADC03E11737A622004A9ACC /* KCSokcet.h */,
				5ADC03E21737A622004A9ACC /* KCSokcet.m */,
				5A90B63A172E09B600DEED7A /* Supporting Files */,
				5A737CB1180CDE55002A42CC /* KCLocationDelegate.h */,
				5A8F7F27181776B1003BCDA7 /* BoatLocation.h */,
				5A8F7F28181776B1003BCDA7 /* BoatLocation.m */,
				5A8F7F2A18177C7A003BCDA7 /* BoatTrack.h */,
				5A8F7F2B18177C7A003BCDA7 /* BoatTrack.m */,
			);
			path = MavlinkTest;
			sourceTree = "<group>";
		};
		5A90B63A172E09B600DEED7A /* Supporting Files */ = {
			isa = PBXGroup;
			children = (
				5A101779180FDE8D00D1122E /* up.png */,
				5A90B63B172E09B600DEED7A /* MavlinkTest-Info.plist */,
				5A90B63C172E09B600DEED7A /* InfoPlist.strings */,
				5A90B63F172E09B600DEED7A /* main.m */,
				5A90B641172E09B600DEED7A /* MavlinkTest-Prefix.pch */,
				5A90B645172E09B600DEED7A /* Default.png */,
				5A90B647172E09B600DEED7A /* Default@2x.png */,
				5A90B649172E09B600DEED7A /* Default-568h@2x.png */,
			);
			name = "Supporting Files";
			sourceTree = "<group>";
		};
		5A90B656172E0A3100DEED7A /* Mavlink */ = {
			isa = PBXGroup;
			children = (
				5A90B657172E0A5500DEED7A /* include */,
			);
			name = Mavlink;
			path = ..;
			sourceTree = "<group>";
		};
		5A90B657172E0A5500DEED7A /* include */ = {
			isa = PBXGroup;
			children = (
				5A90B658172E0A5500DEED7A /* ardupilotmega */,
				5A90B66F172E0A5500DEED7A /* checksum.h */,
				5A90B670172E0A5500DEED7A /* common */,
				5A90B6C5172E0A5500DEED7A /* matrixpilot */,
				5A90B6CA172E0A5500DEED7A /* mavlink_helpers.h */,
				5A90B6CB172E0A5500DEED7A /* mavlink_protobuf_manager.hpp */,
				5A90B6CC172E0A5500DEED7A /* mavlink_types.h */,
				5A90B6CD172E0A5500DEED7A /* pixhawk */,
				5A90B6E6172E0A5500DEED7A /* protocol.h */,
				5A90B6E7172E0A5500DEED7A /* sensesoar */,
			);
			name = include;
			path = ../../include;
			sourceTree = "<group>";
		};
		5A90B658172E0A5500DEED7A /* ardupilotmega */ = {
			isa = PBXGroup;
			children = (
				5A90B659172E0A5500DEED7A /* ardupilotmega.h */,
				5A90B65A172E0A5500DEED7A /* mavlink.h */,
				5A90B65B172E0A5500DEED7A /* mavlink_msg_ahrs.h */,
				5A90B65C172E0A5500DEED7A /* mavlink_msg_ap_adc.h */,
				5A90B65D172E0A5500DEED7A /* mavlink_msg_digicam_configure.h */,
				5A90B65E172E0A5500DEED7A /* mavlink_msg_digicam_control.h */,
				5A90B65F172E0A5500DEED7A /* mavlink_msg_fence_fetch_point.h */,
				5A90B660172E0A5500DEED7A /* mavlink_msg_fence_point.h */,
				5A90B661172E0A5500DEED7A /* mavlink_msg_fence_status.h */,
				5A90B662172E0A5500DEED7A /* mavlink_msg_hwstatus.h */,
				5A90B663172E0A5500DEED7A /* mavlink_msg_limits_status.h */,
				5A90B664172E0A5500DEED7A /* mavlink_msg_meminfo.h */,
				5A90B665172E0A5500DEED7A /* mavlink_msg_mount_configure.h */,
				5A90B666172E0A5500DEED7A /* mavlink_msg_mount_control.h */,
				5A90B667172E0A5500DEED7A /* mavlink_msg_mount_status.h */,
				5A90B668172E0A5500DEED7A /* mavlink_msg_radio.h */,
				5A90B669172E0A5500DEED7A /* mavlink_msg_sensor_offsets.h */,
				5A90B66A172E0A5500DEED7A /* mavlink_msg_set_mag_offsets.h */,
				5A90B66B172E0A5500DEED7A /* mavlink_msg_simstate.h */,
				5A90B66C172E0A5500DEED7A /* mavlink_msg_wind.h */,
				5A90B66D172E0A5500DEED7A /* testsuite.h */,
				5A90B66E172E0A5500DEED7A /* version.h */,
			);
			path = ardupilotmega;
			sourceTree = "<group>";
		};
		5A90B670172E0A5500DEED7A /* common */ = {
			isa = PBXGroup;
			children = (
				5A90B671172E0A5500DEED7A /* checksum.h */,
				5A90B672172E0A5500DEED7A /* common.h */,
				5A90B673172E0A5500DEED7A /* mavlink.h */,
				5A90B674172E0A5500DEED7A /* mavlink_helpers.h */,
				5A90B675172E0A5500DEED7A /* mavlink_msg_attitude.h */,
				5A90B676172E0A5500DEED7A /* mavlink_msg_attitude_quaternion.h */,
				5A90B677172E0A5500DEED7A /* mavlink_msg_auth_key.h */,
				5A90B678172E0A5500DEED7A /* mavlink_msg_change_operator_control.h */,
				5A90B679172E0A5500DEED7A /* mavlink_msg_change_operator_control_ack.h */,
				5A90B67A172E0A5500DEED7A /* mavlink_msg_command_ack.h */,
				5A90B67B172E0A5500DEED7A /* mavlink_msg_command_long.h */,
				5A90B67C172E0A5500DEED7A /* mavlink_msg_data_stream.h */,
				5A90B67D172E0A5500DEED7A /* mavlink_msg_debug.h */,
				5A90B67E172E0A5500DEED7A /* mavlink_msg_debug_vect.h */,
				5A90B67F172E0A5500DEED7A /* mavlink_msg_global_position_int.h */,
				5A90B680172E0A5500DEED7A /* mavlink_msg_global_position_setpoint_int.h */,
				5A90B681172E0A5500DEED7A /* mavlink_msg_global_vision_position_estimate.h */,
				5A90B682172E0A5500DEED7A /* mavlink_msg_gps_global_origin.h */,
				5A90B683172E0A5500DEED7A /* mavlink_msg_gps_raw_int.h */,
				5A90B684172E0A5500DEED7A /* mavlink_msg_gps_status.h */,
				5A90B685172E0A5500DEED7A /* mavlink_msg_heartbeat.h */,
				5A90B686172E0A5500DEED7A /* mavlink_msg_hil_controls.h */,
				5A90B687172E0A5500DEED7A /* mavlink_msg_hil_rc_inputs_raw.h */,
				5A90B688172E0A5500DEED7A /* mavlink_msg_hil_state.h */,
				5A90B689172E0A5500DEED7A /* mavlink_msg_local_position_ned.h */,
				5A90B68A172E0A5500DEED7A /* mavlink_msg_local_position_ned_system_global_offset.h */,
				5A90B68B172E0A5500DEED7A /* mavlink_msg_local_position_setpoint.h */,
				5A90B68C172E0A5500DEED7A /* mavlink_msg_manual_control.h */,
				5A90B68D172E0A5500DEED7A /* mavlink_msg_memory_vect.h */,
				5A90B68E172E0A5500DEED7A /* mavlink_msg_mission_ack.h */,
				5A90B68F172E0A5500DEED7A /* mavlink_msg_mission_clear_all.h */,
				5A90B690172E0A5500DEED7A /* mavlink_msg_mission_count.h */,
				5A90B691172E0A5500DEED7A /* mavlink_msg_mission_current.h */,
				5A90B692172E0A5500DEED7A /* mavlink_msg_mission_item.h */,
				5A90B693172E0A5500DEED7A /* mavlink_msg_mission_item_reached.h */,
				5A90B694172E0A5500DEED7A /* mavlink_msg_mission_request.h */,
				5A90B695172E0A5500DEED7A /* mavlink_msg_mission_request_list.h */,
				5A90B696172E0A5500DEED7A /* mavlink_msg_mission_request_partial_list.h */,
				5A90B697172E0A5500DEED7A /* mavlink_msg_mission_set_current.h */,
				5A90B698172E0A5500DEED7A /* mavlink_msg_mission_write_partial_list.h */,
				5A90B699172E0A5500DEED7A /* mavlink_msg_named_value_float.h */,
				5A90B69A172E0A5500DEED7A /* mavlink_msg_named_value_int.h */,
				5A90B69B172E0A5500DEED7A /* mavlink_msg_nav_controller_output.h */,
				5A90B69C172E0A5500DEED7A /* mavlink_msg_optical_flow.h */,
				5A90B69D172E0A5500DEED7A /* mavlink_msg_param_request_list.h */,
				5A90B69E172E0A5500DEED7A /* mavlink_msg_param_request_read.h */,
				5A90B69F172E0A5500DEED7A /* mavlink_msg_param_set.h */,
				5A90B6A0172E0A5500DEED7A /* mavlink_msg_param_value.h */,
				5A90B6A1172E0A5500DEED7A /* mavlink_msg_ping.h */,
				5A90B6A2172E0A5500DEED7A /* mavlink_msg_raw_imu.h */,
				5A90B6A3172E0A5500DEED7A /* mavlink_msg_raw_pressure.h */,
				5A90B6A4172E0A5500DEED7A /* mavlink_msg_rc_channels_override.h */,
				5A90B6A5172E0A5500DEED7A /* mavlink_msg_rc_channels_raw.h */,
				5A90B6A6172E0A5500DEED7A /* mavlink_msg_rc_channels_scaled.h */,
				5A90B6A7172E0A5500DEED7A /* mavlink_msg_request_data_stream.h */,
				5A90B6A8172E0A5500DEED7A /* mavlink_msg_roll_pitch_yaw_speed_thrust_setpoint.h */,
				5A90B6A9172E0A5500DEED7A /* mavlink_msg_roll_pitch_yaw_thrust_setpoint.h */,
				5A90B6AA172E0A5500DEED7A /* mavlink_msg_safety_allowed_area.h */,
				5A90B6AB172E0A5500DEED7A /* mavlink_msg_safety_set_allowed_area.h */,
				5A90B6AC172E0A5500DEED7A /* mavlink_msg_scaled_imu.h */,
				5A90B6AD172E0A5500DEED7A /* mavlink_msg_scaled_pressure.h */,
				5A90B6AE172E0A5500DEED7A /* mavlink_msg_servo_output_raw.h */,
				5A90B6AF172E0A5500DEED7A /* mavlink_msg_set_global_position_setpoint_int.h */,
				5A90B6B0172E0A5500DEED7A /* mavlink_msg_set_gps_global_origin.h */,
				5A90B6B1172E0A5500DEED7A /* mavlink_msg_set_local_position_setpoint.h */,
				5A90B6B2172E0A5500DEED7A /* mavlink_msg_set_mode.h */,
				5A90B6B3172E0A5500DEED7A /* mavlink_msg_set_quad_motors_setpoint.h */,
				5A90B6B4172E0A5500DEED7A /* mavlink_msg_set_quad_swarm_led_roll_pitch_yaw_thrust.h */,
				5A90B6B5172E0A5500DEED7A /* mavlink_msg_set_quad_swarm_roll_pitch_yaw_thrust.h */,
				5A90B6B6172E0A5500DEED7A /* mavlink_msg_set_roll_pitch_yaw_speed_thrust.h */,
				5A90B6B7172E0A5500DEED7A /* mavlink_msg_set_roll_pitch_yaw_thrust.h */,
				5A90B6B8172E0A5500DEED7A /* mavlink_msg_state_correction.h */,
				5A90B6B9172E0A5500DEED7A /* mavlink_msg_statustext.h */,
				5A90B6BA172E0A5500DEED7A /* mavlink_msg_sys_status.h */,
				5A90B6BB172E0A5500DEED7A /* mavlink_msg_system_time.h */,
				5A90B6BC172E0A5500DEED7A /* mavlink_msg_vfr_hud.h */,
				5A90B6BD172E0A5500DEED7A /* mavlink_msg_vicon_position_estimate.h */,
				5A90B6BE172E0A5500DEED7A /* mavlink_msg_vision_position_estimate.h */,
				5A90B6BF172E0A5500DEED7A /* mavlink_msg_vision_speed_estimate.h */,
				5A90B6C0172E0A5500DEED7A /* mavlink_protobuf_manager.hpp */,
				5A90B6C1172E0A5500DEED7A /* mavlink_types.h */,
				5A90B6C2172E0A5500DEED7A /* protocol.h */,
				5A90B6C3172E0A5500DEED7A /* testsuite.h */,
				5A90B6C4172E0A5500DEED7A /* version.h */,
			);
			path = common;
			sourceTree = "<group>";
		};
		5A90B6C5172E0A5500DEED7A /* matrixpilot */ = {
			isa = PBXGroup;
			children = (
				5A90B6C6172E0A5500DEED7A /* matrixpilot.h */,
				5A90B6C7172E0A5500DEED7A /* mavlink.h */,
				5A90B6C8172E0A5500DEED7A /* testsuite.h */,
				5A90B6C9172E0A5500DEED7A /* version.h */,
			);
			path = matrixpilot;
			sourceTree = "<group>";
		};
		5A90B6CD172E0A5500DEED7A /* pixhawk */ = {
			isa = PBXGroup;
			children = (
				5A90B6CE172E0A5500DEED7A /* mavlink.h */,
				5A90B6CF172E0A5500DEED7A /* mavlink_msg_attitude_control.h */,
				5A90B6D0172E0A5500DEED7A /* mavlink_msg_brief_feature.h */,
				5A90B6D1172E0A5500DEED7A /* mavlink_msg_data_transmission_handshake.h */,
				5A90B6D2172E0A5500DEED7A /* mavlink_msg_encapsulated_data.h */,
				5A90B6D3172E0A5500DEED7A /* mavlink_msg_image_available.h */,
				5A90B6D4172E0A5500DEED7A /* mavlink_msg_image_trigger_control.h */,
				5A90B6D5172E0A5500DEED7A /* mavlink_msg_image_triggered.h */,
				5A90B6D6172E0A5500DEED7A /* mavlink_msg_marker.h */,
				5A90B6D7172E0A5500DEED7A /* mavlink_msg_pattern_detected.h */,
				5A90B6D8172E0A5500DEED7A /* mavlink_msg_point_of_interest.h */,
				5A90B6D9172E0A5500DEED7A /* mavlink_msg_point_of_interest_connection.h */,
				5A90B6DA172E0A5500DEED7A /* mavlink_msg_position_control_setpoint.h */,
				5A90B6DB172E0A5500DEED7A /* mavlink_msg_raw_aux.h */,
				5A90B6DC172E0A5500DEED7A /* mavlink_msg_set_cam_shutter.h */,
				5A90B6DD172E0A5500DEED7A /* mavlink_msg_set_position_control_offset.h */,
				5A90B6DE172E0A5500DEED7A /* mavlink_msg_watchdog_command.h */,
				5A90B6DF172E0A5500DEED7A /* mavlink_msg_watchdog_heartbeat.h */,
				5A90B6E0172E0A5500DEED7A /* mavlink_msg_watchdog_process_info.h */,
				5A90B6E1172E0A5500DEED7A /* mavlink_msg_watchdog_process_status.h */,
				5A90B6E2172E0A5500DEED7A /* pixhawk.h */,
				5A90B6E3172E0A5500DEED7A /* pixhawk.pb.h */,
				5A90B6E4172E0A5500DEED7A /* testsuite.h */,
				5A90B6E5172E0A5500DEED7A /* version.h */,
			);
			path = pixhawk;
			sourceTree = "<group>";
		};
		5A90B6E7172E0A5500DEED7A /* sensesoar */ = {
			isa = PBXGroup;
			children = (
				5A90B6E8172E0A5500DEED7A /* mavlink.h */,
				5A90B6E9172E0A5500DEED7A /* mavlink_msg_cmd_airspeed_ack.h */,
				5A90B6EA172E0A5500DEED7A /* mavlink_msg_cmd_airspeed_chng.h */,
				5A90B6EB172E0A5500DEED7A /* mavlink_msg_filt_rot_vel.h */,
				5A90B6EC172E0A5500DEED7A /* mavlink_msg_llc_out.h */,
				5A90B6ED172E0A5500DEED7A /* mavlink_msg_obs_air_temp.h */,
				5A90B6EE172E0A5500DEED7A /* mavlink_msg_obs_air_velocity.h */,
				5A90B6EF172E0A5500DEED7A /* mavlink_msg_obs_attitude.h */,
				5A90B6F0172E0A5500DEED7A /* mavlink_msg_obs_bias.h */,
				5A90B6F1172E0A5500DEED7A /* mavlink_msg_obs_position.h */,
				5A90B6F2172E0A5500DEED7A /* mavlink_msg_obs_qff.h */,
				5A90B6F3172E0A5500DEED7A /* mavlink_msg_obs_velocity.h */,
				5A90B6F4172E0A5500DEED7A /* mavlink_msg_obs_wind.h */,
				5A90B6F5172E0A5500DEED7A /* mavlink_msg_pm_elec.h */,
				5A90B6F6172E0A5500DEED7A /* mavlink_msg_sys_stat.h */,
				5A90B6F7172E0A5500DEED7A /* sensesoar.h */,
				5A90B6F8172E0A5500DEED7A /* testsuite.h */,
				5A90B6F9172E0A5500DEED7A /* version.h */,
			);
			path = sensesoar;
			sourceTree = "<group>";
		};
		5A90B6FB172E1F0A00DEED7A /* UDP */ = {
			isa = PBXGroup;
			children = (
				5A90B6FC172E1F2100DEED7A /* GCDAsyncUdpSocket.h */,
				5A90B6FD172E1F2100DEED7A /* GCDAsyncUdpSocket.m */,
			);
			name = UDP;
			sourceTree = "<group>";
		};
		5A96932017462EF900F382C3 /* ObjMavlink */ = {
			isa = PBXGroup;
			children = (
				5A96931D1746130900F382C3 /* KCMavlinkSysStatus.h */,
				5A96931E1746130900F382C3 /* KCMavlinkSysStatus.m */,
				5ADC03DE173798E6004A9ACC /* KCMavlinkIO.h */,
				5ADC03DF173798E6004A9ACC /* KCMavlinkIO.m */,
				5A9693181745CBFE00F382C3 /* KCMavlinkHeartBeat.h */,
				5A9693191745CBFE00F382C3 /* KCMavlinkHeartBeat.m */,
				5A96932117462F4A00F382C3 /* KCMavlinkSystemTime.h */,
				5A96932217462F4A00F382C3 /* KCMavlinkSystemTime.m */,
				5A9693241746353C00F382C3 /* KCMavlinkSetMode.h */,
				5A9693251746353D00F382C3 /* KCMavlinkSetMode.m */,
				5A6A46D117470E020021DB7A /* KCMavlinkParamRequestList.h */,
				5A6A46D217470E020021DB7A /* KCMavlinkParamRequestList.m */,
				5A6A46D4174711810021DB7A /* KCMavlinkParamRequestRead.h */,
				5A6A46D5174711810021DB7A /* KCMavlinkParamRequestRead.m */,
				5A6A46D71747176C0021DB7A /* KCMavlinkParamValue.h */,
				5A6A46D81747176D0021DB7A /* KCMavlinkParamValue.m */,
				5A6A46DA17471CFB0021DB7A /* KCMavlinkParamSet.h */,
				5A6A46DB17471CFB0021DB7A /* KCMavlinkParamSet.m */,
				5A6A46DD17472BBC0021DB7A /* KCMavlinkCommandACK.h */,
				5A6A46DE17472BBC0021DB7A /* KCMavlinkCommandACK.m */,
				5A6A46E017472DD30021DB7A /* KCMavlinkMissionCount.h */,
				5A6A46E117472DD30021DB7A /* KCMavlinkMissionCount.m */,
				5A6A46E3174730430021DB7A /* KCMavlinkMissionRequest.h */,
				5A6A46E4174730430021DB7A /* KCMavlinkMissionRequest.m */,
				5A6A46E61747479F0021DB7A /* KCMavlinkMissionItem.h */,
				5A6A46E7174747A00021DB7A /* KCMavlinkMissionItem.m */,
				5A6A46E917474ECB0021DB7A /* KCMavlinkMissionACK.h */,
				5A6A46EA17474ECC0021DB7A /* KCMavlinkMissionACK.m */,
				5A6A46EC174751460021DB7A /* KCMavlinkMissionRequestList.h */,
				5A6A46ED174751460021DB7A /* KCMavlinkMissionRequestList.m */,
				5A6A46EF174752E40021DB7A /* KCMavlinkMissionClearAll.h */,
				5A6A46F0174752E50021DB7A /* KCMavlinkMissionClearAll.m */,
				5A6A46F2174754DC0021DB7A /* KCMavlinkGlobalPositionInt.h */,
				5A6A46F3174754DD0021DB7A /* KCMavlinkGlobalPositionInt.m */,
				5A6A46F5174759CE0021DB7A /* KCMavlinkAttitude.h */,
				5A6A46F6174759D00021DB7A /* KCMavlinkAttitude.m */,
				5A6A46FB17475D070021DB7A /* KCMavlinkRawIMU.h */,
				5A6A46FC17475D0B0021DB7A /* KCMavlinkRawIMU.m */,
				5A6A46FE174761E40021DB7A /* KCMavlinkCommandLong.h */,
				5A6A46FF174761E60021DB7A /* KCMavlinkCommandLong.m */,
				5AAE5F87178FDAB0002C6C0D /* KCMavlinkMessage.h */,
				5AAE5F88178FDAB0002C6C0D /* KCMavlinkMessage.m */,
			);
			name = ObjMavlink;
			sourceTree = "<group>";
		};
/* End PBXGroup section */

/* Begin PBXNativeTarget section */
		5A90B62F172E09B600DEED7A /* MavlinkTest */ = {
			isa = PBXNativeTarget;
			buildConfigurationList = 5A90B653172E09B600DEED7A /* Build configuration list for PBXNativeTarget "MavlinkTest" */;
			buildPhases = (
				5A90B62C172E09B600DEED7A /* Sources */,
				5A90B62D172E09B600DEED7A /* Frameworks */,
				5A90B62E172E09B600DEED7A /* Resources */,
				5A2BDCFE174093CB0028AA7D /* ShellScript */,
			);
			buildRules = (
			);
			dependencies = (
			);
			name = MavlinkTest;
			productName = MavlinkTest;
			productReference = 5A90B630172E09B600DEED7A /* MavlinkTest.app */;
			productType = "com.apple.product-type.application";
		};
/* End PBXNativeTarget section */

/* Begin PBXProject section */
		5A90B628172E09B600DEED7A /* Project object */ = {
			isa = PBXProject;
			attributes = {
				CLASSPREFIX = KC;
				LastUpgradeCheck = 0460;
				ORGANIZATIONNAME = "kavi chen";
			};
			buildConfigurationList = 5A90B62B172E09B600DEED7A /* Build configuration list for PBXProject "MavlinkTest" */;
			compatibilityVersion = "Xcode 3.2";
			developmentRegion = English;
			hasScannedForEncodings = 0;
			knownRegions = (
				en,
			);
			mainGroup = 5A90B627172E09B600DEED7A;
			productRefGroup = 5A90B631172E09B600DEED7A /* Products */;
			projectDirPath = "";
			projectRoot = "";
			targets = (
				5A90B62F172E09B600DEED7A /* MavlinkTest */,
			);
		};
/* End PBXProject section */

/* Begin PBXResourcesBuildPhase section */
		5A90B62E172E09B600DEED7A /* Resources */ = {
			isa = PBXResourcesBuildPhase;
			buildActionMask = 2147483647;
			files = (
				5A10177A180FDE8D00D1122E /* up.png in Resources */,
				5A90B63E172E09B600DEED7A /* InfoPlist.strings in Resources */,
				5A90B646172E09B600DEED7A /* Default.png in Resources */,
				5A90B648172E09B600DEED7A /* Default@2x.png in Resources */,
				5A737CB5180D26FD002A42CC /* GoogleMaps.bundle in Resources */,
				5A90B64A172E09B600DEED7A /* Default-568h@2x.png in Resources */,
				5A90B64D172E09B600DEED7A /* MainStoryboard.storyboard in Resources */,
			);
			runOnlyForDeploymentPostprocessing = 0;
		};
/* End PBXResourcesBuildPhase section */

/* Begin PBXShellScriptBuildPhase section */
		5A2BDCFE174093CB0028AA7D /* ShellScript */ = {
			isa = PBXShellScriptBuildPhase;
			buildActionMask = 2147483647;
			files = (
			);
			inputPaths = (
			);
			outputPaths = (
			);
			runOnlyForDeploymentPostprocessing = 0;
			shellPath = /bin/sh;
			shellScript = "if [ \"${PLATFORM_NAME}\" ==\"iphoneos\" ] || [ \"${PLATFORM_NAME}\" == \"ipados\"]; then\n\n/Applications/Xcode.app/Contents/Developer/iphoneentitlements/gen_entitlements.py\"my.company.${PROJECT_NAME}\"\"${BUILT_PRODUCTS_DIR}/${WRAPPER_NAME}/${PROJECT_NAME}.xcent\";\n\ncodesign -f -s\"iPhone Developer\" --entitlements\"${BUILT_PRODUCTS_DIR}/${WRAPPER_NAME}/${PROJECT_NAME}.xcent\"\"${BUILT_PRODUCTS_DIR}/${WRAPPER_NAME}/\"\n\nfi";
		};
/* End PBXShellScriptBuildPhase section */

/* Begin PBXSourcesBuildPhase section */
		5A90B62C172E09B600DEED7A /* Sources */ = {
			isa = PBXSourcesBuildPhase;
			buildActionMask = 2147483647;
			files = (
				5A90B640172E09B600DEED7A /* main.m in Sources */,
				5A90B644172E09B600DEED7A /* KCAppDelegate.m in Sources */,
				5A90B650172E09B600DEED7A /* KCViewController.m in Sources */,
				5A90B6FE172E1F2100DEED7A /* GCDAsyncUdpSocket.m in Sources */,
				5ADC03E0173798E6004A9ACC /* KCMavlinkIO.m in Sources */,
				5A737CCE180D289C002A42CC /* KCGoogleMapViewController.m in Sources */,
				5ADC03E31737A623004A9ACC /* KCSokcet.m in Sources */,
				5A96931A1745CBFE00F382C3 /* KCMavlinkHeartBeat.m in Sources */,
				5A96931F1746130900F382C3 /* KCMavlinkSysStatus.m in Sources */,
				5A96932317462F4A00F382C3 /* KCMavlinkSystemTime.m in Sources */,
				5A9693261746353D00F382C3 /* KCMavlinkSetMode.m in Sources */,
				5A6A46D317470E020021DB7A /* KCMavlinkParamRequestList.m in Sources */,
				5A6A46D6174711810021DB7A /* KCMavlinkParamRequestRead.m in Sources */,
				5A6A46D91747176D0021DB7A /* KCMavlinkParamValue.m in Sources */,
				5A6A46DC17471CFB0021DB7A /* KCMavlinkParamSet.m in Sources */,
				5A8F7F2C18177C7A003BCDA7 /* BoatTrack.m in Sources */,
				5A6A46DF17472BBC0021DB7A /* KCMavlinkCommandACK.m in Sources */,
				5A6A46E217472DD40021DB7A /* KCMavlinkMissionCount.m in Sources */,
				5A6A46E5174730440021DB7A /* KCMavlinkMissionRequest.m in Sources */,
				5A6A46E8174747A00021DB7A /* KCMavlinkMissionItem.m in Sources */,
				5A6A46EB17474ECC0021DB7A /* KCMavlinkMissionACK.m in Sources */,
				5A6A46EE174751470021DB7A /* KCMavlinkMissionRequestList.m in Sources */,
				5A6A46F1174752E50021DB7A /* KCMavlinkMissionClearAll.m in Sources */,
				5A6A46F4174754DE0021DB7A /* KCMavlinkGlobalPositionInt.m in Sources */,
				5A8F7F29181776B1003BCDA7 /* BoatLocation.m in Sources */,
				5A6A46F7174759D10021DB7A /* KCMavlinkAttitude.m in Sources */,
				5A6A46FD17475D160021DB7A /* KCMavlinkRawIMU.m in Sources */,
				5A6A4700174761E70021DB7A /* KCMavlinkCommandLong.m in Sources */,
				5AAE5F89178FDAB0002C6C0D /* KCMavlinkMessage.m in Sources */,
			);
			runOnlyForDeploymentPostprocessing = 0;
		};
/* End PBXSourcesBuildPhase section */

/* Begin PBXVariantGroup section */
		5A90B63C172E09B600DEED7A /* InfoPlist.strings */ = {
			isa = PBXVariantGroup;
			children = (
				5A90B63D172E09B600DEED7A /* en */,
			);
			name = InfoPlist.strings;
			sourceTree = "<group>";
		};
		5A90B64B172E09B600DEED7A /* MainStoryboard.storyboard */ = {
			isa = PBXVariantGroup;
			children = (
				5A90B64C172E09B600DEED7A /* en */,
			);
			name = MainStoryboard.storyboard;
			sourceTree = "<group>";
		};
/* End PBXVariantGroup section */

/* Begin XCBuildConfiguration section */
		5A90B651172E09B600DEED7A /* Debug */ = {
			isa = XCBuildConfiguration;
			buildSettings = {
				ALWAYS_SEARCH_USER_PATHS = NO;
				CLANG_CXX_LANGUAGE_STANDARD = "gnu++0x";
				CLANG_CXX_LIBRARY = "libc++";
				CLANG_ENABLE_OBJC_ARC = YES;
				CLANG_WARN_CONSTANT_CONVERSION = YES;
				CLANG_WARN_EMPTY_BODY = YES;
				CLANG_WARN_ENUM_CONVERSION = YES;
				CLANG_WARN_INT_CONVERSION = YES;
				CLANG_WARN__DUPLICATE_METHOD_MATCH = YES;
				CODE_SIGN_IDENTITY = "iPhone Developer";
				"CODE_SIGN_IDENTITY[sdk=iphoneos*]" = "iPhone Developer";
				COPY_PHASE_STRIP = NO;
				GCC_C_LANGUAGE_STANDARD = gnu99;
				GCC_DYNAMIC_NO_PIC = NO;
				GCC_OPTIMIZATION_LEVEL = 0;
				GCC_PREPROCESSOR_DEFINITIONS = (
					"DEBUG=1",
					"$(inherited)",
				);
				GCC_SYMBOLS_PRIVATE_EXTERN = NO;
				GCC_WARN_ABOUT_RETURN_TYPE = YES;
				GCC_WARN_UNINITIALIZED_AUTOS = YES;
				GCC_WARN_UNUSED_VARIABLE = YES;
				IPHONEOS_DEPLOYMENT_TARGET = 5.1;
				ONLY_ACTIVE_ARCH = YES;
				OTHER_LDFLAGS = "-ObjC";
				PROVISIONING_PROFILE = "";
				"PROVISIONING_PROFILE[sdk=iphoneos*]" = "";
				SDKROOT = iphoneos;
			};
			name = Debug;
		};
		5A90B652172E09B600DEED7A /* Release */ = {
			isa = XCBuildConfiguration;
			buildSettings = {
				ALWAYS_SEARCH_USER_PATHS = NO;
				CLANG_CXX_LANGUAGE_STANDARD = "gnu++0x";
				CLANG_CXX_LIBRARY = "libc++";
				CLANG_ENABLE_OBJC_ARC = YES;
				CLANG_WARN_CONSTANT_CONVERSION = YES;
				CLANG_WARN_EMPTY_BODY = YES;
				CLANG_WARN_ENUM_CONVERSION = YES;
				CLANG_WARN_INT_CONVERSION = YES;
				CLANG_WARN__DUPLICATE_METHOD_MATCH = YES;
				CODE_SIGN_IDENTITY = "iPhone Developer";
				"CODE_SIGN_IDENTITY[sdk=iphoneos*]" = "iPhone Developer";
				COPY_PHASE_STRIP = YES;
				GCC_C_LANGUAGE_STANDARD = gnu99;
				GCC_WARN_ABOUT_RETURN_TYPE = YES;
				GCC_WARN_UNINITIALIZED_AUTOS = YES;
				GCC_WARN_UNUSED_VARIABLE = YES;
				IPHONEOS_DEPLOYMENT_TARGET = 5.1;
				OTHER_CFLAGS = "-DNS_BLOCK_ASSERTIONS=1";
				OTHER_LDFLAGS = "-ObjC";
				PROVISIONING_PROFILE = "";
				"PROVISIONING_PROFILE[sdk=iphoneos*]" = "";
				SDKROOT = iphoneos;
				VALIDATE_PRODUCT = YES;
			};
			name = Release;
		};
		5A90B654172E09B600DEED7A /* Debug */ = {
			isa = XCBuildConfiguration;
			buildSettings = {
				CODE_SIGN_IDENTITY = "iPhone Developer: Guangzhong Cai (UN2UNY4959)";
				"CODE_SIGN_IDENTITY[sdk=iphoneos*]" = "iPhone Developer: Guangzhong Cai (UN2UNY4959)";
				FRAMEWORK_SEARCH_PATHS = (
					"$(inherited)",
					/Users/kavi/Developer/MavlinkTest,
				);
				GCC_PRECOMPILE_PREFIX_HEADER = YES;
				GCC_PREFIX_HEADER = "MavlinkTest/MavlinkTest-Prefix.pch";
				INFOPLIST_FILE = "MavlinkTest/MavlinkTest-Info.plist";
				IPHONEOS_DEPLOYMENT_TARGET = 7.0;
				PRODUCT_NAME = "$(TARGET_NAME)";
				PROVISIONING_PROFILE = "4B8B46F2-DAAE-4A20-995B-D4AC80A879E6";
				"PROVISIONING_PROFILE[sdk=iphoneos*]" = "4B8B46F2-DAAE-4A20-995B-D4AC80A879E6";
				TARGETED_DEVICE_FAMILY = 1;
				WRAPPER_EXTENSION = app;
			};
			name = Debug;
		};
		5A90B655172E09B600DEED7A /* Release */ = {
			isa = XCBuildConfiguration;
			buildSettings = {
				CODE_SIGN_IDENTITY = "iPhone Developer: Guangzhong Cai (UN2UNY4959)";
				"CODE_SIGN_IDENTITY[sdk=iphoneos*]" = "iPhone Developer: Guangzhong Cai (UN2UNY4959)";
				FRAMEWORK_SEARCH_PATHS = (
					"$(inherited)",
					/Users/kavi/Developer/MavlinkTest,
				);
				GCC_PRECOMPILE_PREFIX_HEADER = YES;
				GCC_PREFIX_HEADER = "MavlinkTest/MavlinkTest-Prefix.pch";
				INFOPLIST_FILE = "MavlinkTest/MavlinkTest-Info.plist";
				IPHONEOS_DEPLOYMENT_TARGET = 7.0;
				PRODUCT_NAME = "$(TARGET_NAME)";
				PROVISIONING_PROFILE = "4B8B46F2-DAAE-4A20-995B-D4AC80A879E6";
				"PROVISIONING_PROFILE[sdk=iphoneos*]" = "4B8B46F2-DAAE-4A20-995B-D4AC80A879E6";
				TARGETED_DEVICE_FAMILY = 1;
				WRAPPER_EXTENSION = app;
			};
			name = Release;
		};
/* End XCBuildConfiguration section */

/* Begin XCConfigurationList section */
		5A90B62B172E09B600DEED7A /* Build configuration list for PBXProject "MavlinkTest" */ = {
			isa = XCConfigurationList;
			buildConfigurations = (
				5A90B651172E09B600DEED7A /* Debug */,
				5A90B652172E09B600DEED7A /* Release */,
			);
			defaultConfigurationIsVisible = 0;
			defaultConfigurationName = Release;
		};
		5A90B653172E09B600DEED7A /* Build configuration list for PBXNativeTarget "MavlinkTest" */ = {
			isa = XCConfigurationList;
			buildConfigurations = (
				5A90B654172E09B600DEED7A /* Debug */,
				5A90B655172E09B600DEED7A /* Release */,
			);
			defaultConfigurationIsVisible = 0;
			defaultConfigurationName = Release;
		};
/* End XCConfigurationList section */
	};
	rootObject = 5A90B628172E09B600DEED7A /* Project object */;
}
